
Microsoft Visual Studio Solution File, Format Version 12.00
# Visual Studio 14
VisualStudioVersion = 14.0.25420.1
MinimumVisualStudioVersion = 10.0.40219.1
Project("{8BC9CEB8-8B4A-11D0-8D11-00A0C91BC942}") = "1 二叉查找树变双向链表", "数据结构刷题\数据结构刷题.vcxproj", "{2B498CA2-1754-4A33-BD05-5306D109F351}"
EndProject
Project("{8BC9CEB8-8B4A-11D0-8D11-00A0C91BC942}") = "2 设计包含main函数的栈", "2 设计包含main函数的栈\2 设计包含main函数的栈.vcxproj", "{9BFB4B49-0DC2-4A2A-B56E-94A84D9BB32D}"
EndProject
Project("{8BC9CEB8-8B4A-11D0-8D11-00A0C91BC942}") = "3 找出数组中重复的数字", "3 找出数组中重复的数字\3 找出数组中重复的数字.vcxproj", "{21010C11-A681-4406-BE4B-1D92DDCE23F8}"
EndProject
Global
	GlobalSection(SolutionConfigurationPlatforms) = preSolution
		Debug|x64 = Debug|x64
		Debug|x86 = Debug|x86
		Release|x64 = Release|x64
		Release|x86 = Release|x86
	EndGlobalSection
	GlobalSection(ProjectConfigurationPlatforms) = postSolution
		{2B498CA2-1754-4A33-BD05-5306D109F351}.Debug|x64.ActiveCfg = Debug|x64
		{2B498CA2-1754-4A33-BD05-5306D109F351}.Debug|x64.Build.0 = Debug|x64
		{2B498CA2-1754-4A33-BD05-5306D109F351}.Debug|x86.ActiveCfg = Debug|Win32
		{2B498CA2-1754-4A33-BD05-5306D109F351}.Debug|x86.Build.0 = Debug|Win32
		{2B498CA2-1754-4A33-BD05-5306D109F351}.Release|x64.ActiveCfg = Release|x64
		{2B498CA2-1754-4A33-BD05-5306D109F351}.Release|x64.Build.0 = Release|x64
		{2B498CA2-1754-4A33-BD05-5306D109F351}.Release|x86.ActiveCfg = Release|Win32
		{2B498CA2-1754-4A33-BD05-5306D109F351}.Release|x86.Build.0 = Release|Win32
		{9BFB4B49-0DC2-4A2A-B56E-94A84D9BB32D}.Debug|x64.ActiveCfg = Debug|x64
		{9BFB4B49-0DC2-4A2A-B56E-94A84D9BB32D}.Debug|x64.Build.0 = Debug|x64
		{9BFB4B49-0DC2-4A2A-B56E-94A84D9BB32D}.Debug|x86.ActiveCfg = Debug|Win32
		{9BFB4B49-0DC2-4A2A-B56E-94A84D9BB32D}.Debug|x86.Build.0 = Debug|Win32
		{9BFB4B49-0DC2-4A2A-B56E-94A84D9BB32D}.Release|x64.ActiveCfg = Release|x64
		{9BFB4B49-0DC2-4A2A-B56E-94A84D9BB32D}.Release|x64.Build.0 = Release|x64
		{9BFB4B49-0DC2-4A2A-B56E-94A84D9BB32D}.Release|x86.ActiveCfg = Release|Win32
		{9BFB4B49-0DC2-4A2A-B56E-94A84D9BB32D}.Release|x86.Build.0 = Release|Win32
		{21010C11-A681-4406-BE4B-1D92DDCE23F8}.Debug|x64.ActiveCfg = Debug|x64
		{21010C11-A681-4406-BE4B-1D92DDCE23F8}.Debug|x64.Build.0 = Debug|x64
		{21010C11-A681-4406-BE4B-1D92DDCE23F8}.Debug|x86.ActiveCfg = Debug|Win32
		{21010C11-A681-4406-BE4B-1D92DDCE23F8}.Debug|x86.Build.0 = Debug|Win32
		{21010C11-A681-4406-BE4B-1D92DDCE23F8}.Release|x64.ActiveCfg = Release|x64
		{21010C11-A681-4406-BE4B-1D92DDCE23F8}.Release|x64.Build.0 = Release|x64
		{21010C11-A681-4406-BE4B-1D92DDCE23F8}.Release|x86.ActiveCfg = Release|Win32
		{21010C11-A681-4406-BE4B-1D92DDCE23F8}.Release|x86.Build.0 = Release|Win32
	EndGlobalSection
	GlobalSection(SolutionProperties) = preSolution
		HideSolutionNode = FALSE
	EndGlobalSection
EndGlobal
