
Microsoft Visual Studio Solution File, Format Version 12.00
# Visual Studio 14
VisualStudioVersion = 14.0.25420.1
MinimumVisualStudioVersion = 10.0.40219.1
Project("{8BC9CEB8-8B4A-11D0-8D11-00A0C91BC942}") = "命名空间", "C++学习\C++学习.vcxproj", "{D18EC4DF-38BA-4BB8-9122-9AC6A4FCF2F4}"
EndProject
Project("{8BC9CEB8-8B4A-11D0-8D11-00A0C91BC942}") = "C++的增强", "C++的增强\C++的增强.vcxproj", "{80C0D8FA-CA85-4F5E-B308-02C8C265E131}"
EndProject
Project("{8BC9CEB8-8B4A-11D0-8D11-00A0C91BC942}") = "内联函数", "内联函数\内联函数.vcxproj", "{3373CF70-EC80-47CE-8508-508A04C94367}"
EndProject
Project("{8BC9CEB8-8B4A-11D0-8D11-00A0C91BC942}") = "默认参数和占位参数", "默认参数和占位参数\默认参数和占位参数.vcxproj", "{997D33BB-02C1-4E14-AF25-723CE7EAABBF}"
EndProject
Project("{8BC9CEB8-8B4A-11D0-8D11-00A0C91BC942}") = "函数重载", "函数重载\函数重载.vcxproj", "{E97F6AFD-A001-4512-A68A-2EB4FBEBA0EF}"
EndProject
Project("{8BC9CEB8-8B4A-11D0-8D11-00A0C91BC942}") = "类的封装", "类的封装\类的封装.vcxproj", "{7A3EBB38-492C-4DA6-A916-31513F6EF1CD}"
EndProject
Project("{8BC9CEB8-8B4A-11D0-8D11-00A0C91BC942}") = "构造函数", "构造函数\构造函数.vcxproj", "{C9E036B9-8230-4C3E-B490-911ED0097E1B}"
EndProject
Project("{8BC9CEB8-8B4A-11D0-8D11-00A0C91BC942}") = "拷贝构造函数", "拷贝构造函数\拷贝构造函数.vcxproj", "{32EA51A2-CB55-46C7-AE36-9976C04DA1A0}"
EndProject
Project("{8BC9CEB8-8B4A-11D0-8D11-00A0C91BC942}") = "构造函数初始化列表", "构造函数初始化列表\构造函数初始化列表.vcxproj", "{283AD4E2-218B-4DDB-9699-BFAE4A174D21}"
EndProject
Project("{8BC9CEB8-8B4A-11D0-8D11-00A0C91BC942}") = "静态成员", "静态成员\静态成员.vcxproj", "{B3EBDACC-03D3-4D6B-B339-F89D9E6B1D2F}"
EndProject
Project("{8BC9CEB8-8B4A-11D0-8D11-00A0C91BC942}") = "商店模拟", "商店模拟\商店模拟.vcxproj", "{F87FB41E-3F6F-4156-A728-4C3B6EBF4253}"
EndProject
Project("{8BC9CEB8-8B4A-11D0-8D11-00A0C91BC942}") = "友元", "友元\友元.vcxproj", "{7F3C6E17-92B1-4F75-B892-F637A3AE95E3}"
EndProject
Project("{8BC9CEB8-8B4A-11D0-8D11-00A0C91BC942}") = "操作符重载", "操作符重载\操作符重载.vcxproj", "{2A1408A7-FF6D-4EF3-AE54-B99320256D60}"
EndProject
Project("{8BC9CEB8-8B4A-11D0-8D11-00A0C91BC942}") = "智能指针", "智能指针\智能指针.vcxproj", "{CE03CB8E-D56C-4CA0-ACD8-2156F8E691D2}"
EndProject
Project("{8BC9CEB8-8B4A-11D0-8D11-00A0C91BC942}") = "程序员工资", "程序员工资\程序员工资.vcxproj", "{E45589F3-5E55-4D45-A654-B9696F027EC4}"
EndProject
Project("{8BC9CEB8-8B4A-11D0-8D11-00A0C91BC942}") = "自定义数据类", "自定义数据类\自定义数据类.vcxproj", "{49D97A51-CC37-4488-8C17-A232A8D0DEF0}"
EndProject
Global
	GlobalSection(SolutionConfigurationPlatforms) = preSolution
		Debug|x64 = Debug|x64
		Debug|x86 = Debug|x86
		Release|x64 = Release|x64
		Release|x86 = Release|x86
	EndGlobalSection
	GlobalSection(ProjectConfigurationPlatforms) = postSolution
		{D18EC4DF-38BA-4BB8-9122-9AC6A4FCF2F4}.Debug|x64.ActiveCfg = Debug|x64
		{D18EC4DF-38BA-4BB8-9122-9AC6A4FCF2F4}.Debug|x64.Build.0 = Debug|x64
		{D18EC4DF-38BA-4BB8-9122-9AC6A4FCF2F4}.Debug|x86.ActiveCfg = Debug|Win32
		{D18EC4DF-38BA-4BB8-9122-9AC6A4FCF2F4}.Debug|x86.Build.0 = Debug|Win32
		{D18EC4DF-38BA-4BB8-9122-9AC6A4FCF2F4}.Release|x64.ActiveCfg = Release|x64
		{D18EC4DF-38BA-4BB8-9122-9AC6A4FCF2F4}.Release|x64.Build.0 = Release|x64
		{D18EC4DF-38BA-4BB8-9122-9AC6A4FCF2F4}.Release|x86.ActiveCfg = Release|Win32
		{D18EC4DF-38BA-4BB8-9122-9AC6A4FCF2F4}.Release|x86.Build.0 = Release|Win32
		{80C0D8FA-CA85-4F5E-B308-02C8C265E131}.Debug|x64.ActiveCfg = Debug|x64
		{80C0D8FA-CA85-4F5E-B308-02C8C265E131}.Debug|x64.Build.0 = Debug|x64
		{80C0D8FA-CA85-4F5E-B308-02C8C265E131}.Debug|x86.ActiveCfg = Debug|Win32
		{80C0D8FA-CA85-4F5E-B308-02C8C265E131}.Debug|x86.Build.0 = Debug|Win32
		{80C0D8FA-CA85-4F5E-B308-02C8C265E131}.Release|x64.ActiveCfg = Release|x64
		{80C0D8FA-CA85-4F5E-B308-02C8C265E131}.Release|x64.Build.0 = Release|x64
		{80C0D8FA-CA85-4F5E-B308-02C8C265E131}.Release|x86.ActiveCfg = Release|Win32
		{80C0D8FA-CA85-4F5E-B308-02C8C265E131}.Release|x86.Build.0 = Release|Win32
		{3373CF70-EC80-47CE-8508-508A04C94367}.Debug|x64.ActiveCfg = Debug|x64
		{3373CF70-EC80-47CE-8508-508A04C94367}.Debug|x64.Build.0 = Debug|x64
		{3373CF70-EC80-47CE-8508-508A04C94367}.Debug|x86.ActiveCfg = Debug|Win32
		{3373CF70-EC80-47CE-8508-508A04C94367}.Debug|x86.Build.0 = Debug|Win32
		{3373CF70-EC80-47CE-8508-508A04C94367}.Release|x64.ActiveCfg = Release|x64
		{3373CF70-EC80-47CE-8508-508A04C94367}.Release|x64.Build.0 = Release|x64
		{3373CF70-EC80-47CE-8508-508A04C94367}.Release|x86.ActiveCfg = Release|Win32
		{3373CF70-EC80-47CE-8508-508A04C94367}.Release|x86.Build.0 = Release|Win32
		{997D33BB-02C1-4E14-AF25-723CE7EAABBF}.Debug|x64.ActiveCfg = Debug|x64
		{997D33BB-02C1-4E14-AF25-723CE7EAABBF}.Debug|x64.Build.0 = Debug|x64
		{997D33BB-02C1-4E14-AF25-723CE7EAABBF}.Debug|x86.ActiveCfg = Debug|Win32
		{997D33BB-02C1-4E14-AF25-723CE7EAABBF}.Debug|x86.Build.0 = Debug|Win32
		{997D33BB-02C1-4E14-AF25-723CE7EAABBF}.Release|x64.ActiveCfg = Release|x64
		{997D33BB-02C1-4E14-AF25-723CE7EAABBF}.Release|x64.Build.0 = Release|x64
		{997D33BB-02C1-4E14-AF25-723CE7EAABBF}.Release|x86.ActiveCfg = Release|Win32
		{997D33BB-02C1-4E14-AF25-723CE7EAABBF}.Release|x86.Build.0 = Release|Win32
		{E97F6AFD-A001-4512-A68A-2EB4FBEBA0EF}.Debug|x64.ActiveCfg = Debug|x64
		{E97F6AFD-A001-4512-A68A-2EB4FBEBA0EF}.Debug|x64.Build.0 = Debug|x64
		{E97F6AFD-A001-4512-A68A-2EB4FBEBA0EF}.Debug|x86.ActiveCfg = Debug|Win32
		{E97F6AFD-A001-4512-A68A-2EB4FBEBA0EF}.Debug|x86.Build.0 = Debug|Win32
		{E97F6AFD-A001-4512-A68A-2EB4FBEBA0EF}.Release|x64.ActiveCfg = Release|x64
		{E97F6AFD-A001-4512-A68A-2EB4FBEBA0EF}.Release|x64.Build.0 = Release|x64
		{E97F6AFD-A001-4512-A68A-2EB4FBEBA0EF}.Release|x86.ActiveCfg = Release|Win32
		{E97F6AFD-A001-4512-A68A-2EB4FBEBA0EF}.Release|x86.Build.0 = Release|Win32
		{7A3EBB38-492C-4DA6-A916-31513F6EF1CD}.Debug|x64.ActiveCfg = Debug|x64
		{7A3EBB38-492C-4DA6-A916-31513F6EF1CD}.Debug|x64.Build.0 = Debug|x64
		{7A3EBB38-492C-4DA6-A916-31513F6EF1CD}.Debug|x86.ActiveCfg = Debug|Win32
		{7A3EBB38-492C-4DA6-A916-31513F6EF1CD}.Debug|x86.Build.0 = Debug|Win32
		{7A3EBB38-492C-4DA6-A916-31513F6EF1CD}.Release|x64.ActiveCfg = Release|x64
		{7A3EBB38-492C-4DA6-A916-31513F6EF1CD}.Release|x64.Build.0 = Release|x64
		{7A3EBB38-492C-4DA6-A916-31513F6EF1CD}.Release|x86.ActiveCfg = Release|Win32
		{7A3EBB38-492C-4DA6-A916-31513F6EF1CD}.Release|x86.Build.0 = Release|Win32
		{C9E036B9-8230-4C3E-B490-911ED0097E1B}.Debug|x64.ActiveCfg = Debug|x64
		{C9E036B9-8230-4C3E-B490-911ED0097E1B}.Debug|x64.Build.0 = Debug|x64
		{C9E036B9-8230-4C3E-B490-911ED0097E1B}.Debug|x86.ActiveCfg = Debug|Win32
		{C9E036B9-8230-4C3E-B490-911ED0097E1B}.Debug|x86.Build.0 = Debug|Win32
		{C9E036B9-8230-4C3E-B490-911ED0097E1B}.Release|x64.ActiveCfg = Release|x64
		{C9E036B9-8230-4C3E-B490-911ED0097E1B}.Release|x64.Build.0 = Release|x64
		{C9E036B9-8230-4C3E-B490-911ED0097E1B}.Release|x86.ActiveCfg = Release|Win32
		{C9E036B9-8230-4C3E-B490-911ED0097E1B}.Release|x86.Build.0 = Release|Win32
		{32EA51A2-CB55-46C7-AE36-9976C04DA1A0}.Debug|x64.ActiveCfg = Debug|x64
		{32EA51A2-CB55-46C7-AE36-9976C04DA1A0}.Debug|x64.Build.0 = Debug|x64
		{32EA51A2-CB55-46C7-AE36-9976C04DA1A0}.Debug|x86.ActiveCfg = Debug|Win32
		{32EA51A2-CB55-46C7-AE36-9976C04DA1A0}.Debug|x86.Build.0 = Debug|Win32
		{32EA51A2-CB55-46C7-AE36-9976C04DA1A0}.Release|x64.ActiveCfg = Release|x64
		{32EA51A2-CB55-46C7-AE36-9976C04DA1A0}.Release|x64.Build.0 = Release|x64
		{32EA51A2-CB55-46C7-AE36-9976C04DA1A0}.Release|x86.ActiveCfg = Release|Win32
		{32EA51A2-CB55-46C7-AE36-9976C04DA1A0}.Release|x86.Build.0 = Release|Win32
		{283AD4E2-218B-4DDB-9699-BFAE4A174D21}.Debug|x64.ActiveCfg = Debug|x64
		{283AD4E2-218B-4DDB-9699-BFAE4A174D21}.Debug|x64.Build.0 = Debug|x64
		{283AD4E2-218B-4DDB-9699-BFAE4A174D21}.Debug|x86.ActiveCfg = Debug|Win32
		{283AD4E2-218B-4DDB-9699-BFAE4A174D21}.Debug|x86.Build.0 = Debug|Win32
		{283AD4E2-218B-4DDB-9699-BFAE4A174D21}.Release|x64.ActiveCfg = Release|x64
		{283AD4E2-218B-4DDB-9699-BFAE4A174D21}.Release|x64.Build.0 = Release|x64
		{283AD4E2-218B-4DDB-9699-BFAE4A174D21}.Release|x86.ActiveCfg = Release|Win32
		{283AD4E2-218B-4DDB-9699-BFAE4A174D21}.Release|x86.Build.0 = Release|Win32
		{B3EBDACC-03D3-4D6B-B339-F89D9E6B1D2F}.Debug|x64.ActiveCfg = Debug|x64
		{B3EBDACC-03D3-4D6B-B339-F89D9E6B1D2F}.Debug|x64.Build.0 = Debug|x64
		{B3EBDACC-03D3-4D6B-B339-F89D9E6B1D2F}.Debug|x86.ActiveCfg = Debug|Win32
		{B3EBDACC-03D3-4D6B-B339-F89D9E6B1D2F}.Debug|x86.Build.0 = Debug|Win32
		{B3EBDACC-03D3-4D6B-B339-F89D9E6B1D2F}.Release|x64.ActiveCfg = Release|x64
		{B3EBDACC-03D3-4D6B-B339-F89D9E6B1D2F}.Release|x64.Build.0 = Release|x64
		{B3EBDACC-03D3-4D6B-B339-F89D9E6B1D2F}.Release|x86.ActiveCfg = Release|Win32
		{B3EBDACC-03D3-4D6B-B339-F89D9E6B1D2F}.Release|x86.Build.0 = Release|Win32
		{F87FB41E-3F6F-4156-A728-4C3B6EBF4253}.Debug|x64.ActiveCfg = Debug|x64
		{F87FB41E-3F6F-4156-A728-4C3B6EBF4253}.Debug|x64.Build.0 = Debug|x64
		{F87FB41E-3F6F-4156-A728-4C3B6EBF4253}.Debug|x86.ActiveCfg = Debug|Win32
		{F87FB41E-3F6F-4156-A728-4C3B6EBF4253}.Debug|x86.Build.0 = Debug|Win32
		{F87FB41E-3F6F-4156-A728-4C3B6EBF4253}.Release|x64.ActiveCfg = Release|x64
		{F87FB41E-3F6F-4156-A728-4C3B6EBF4253}.Release|x64.Build.0 = Release|x64
		{F87FB41E-3F6F-4156-A728-4C3B6EBF4253}.Release|x86.ActiveCfg = Release|Win32
		{F87FB41E-3F6F-4156-A728-4C3B6EBF4253}.Release|x86.Build.0 = Release|Win32
		{7F3C6E17-92B1-4F75-B892-F637A3AE95E3}.Debug|x64.ActiveCfg = Debug|x64
		{7F3C6E17-92B1-4F75-B892-F637A3AE95E3}.Debug|x64.Build.0 = Debug|x64
		{7F3C6E17-92B1-4F75-B892-F637A3AE95E3}.Debug|x86.ActiveCfg = Debug|Win32
		{7F3C6E17-92B1-4F75-B892-F637A3AE95E3}.Debug|x86.Build.0 = Debug|Win32
		{7F3C6E17-92B1-4F75-B892-F637A3AE95E3}.Release|x64.ActiveCfg = Release|x64
		{7F3C6E17-92B1-4F75-B892-F637A3AE95E3}.Release|x64.Build.0 = Release|x64
		{7F3C6E17-92B1-4F75-B892-F637A3AE95E3}.Release|x86.ActiveCfg = Release|Win32
		{7F3C6E17-92B1-4F75-B892-F637A3AE95E3}.Release|x86.Build.0 = Release|Win32
		{2A1408A7-FF6D-4EF3-AE54-B99320256D60}.Debug|x64.ActiveCfg = Debug|x64
		{2A1408A7-FF6D-4EF3-AE54-B99320256D60}.Debug|x64.Build.0 = Debug|x64
		{2A1408A7-FF6D-4EF3-AE54-B99320256D60}.Debug|x86.ActiveCfg = Debug|Win32
		{2A1408A7-FF6D-4EF3-AE54-B99320256D60}.Debug|x86.Build.0 = Debug|Win32
		{2A1408A7-FF6D-4EF3-AE54-B99320256D60}.Release|x64.ActiveCfg = Release|x64
		{2A1408A7-FF6D-4EF3-AE54-B99320256D60}.Release|x64.Build.0 = Release|x64
		{2A1408A7-FF6D-4EF3-AE54-B99320256D60}.Release|x86.ActiveCfg = Release|Win32
		{2A1408A7-FF6D-4EF3-AE54-B99320256D60}.Release|x86.Build.0 = Release|Win32
		{CE03CB8E-D56C-4CA0-ACD8-2156F8E691D2}.Debug|x64.ActiveCfg = Debug|x64
		{CE03CB8E-D56C-4CA0-ACD8-2156F8E691D2}.Debug|x64.Build.0 = Debug|x64
		{CE03CB8E-D56C-4CA0-ACD8-2156F8E691D2}.Debug|x86.ActiveCfg = Debug|Win32
		{CE03CB8E-D56C-4CA0-ACD8-2156F8E691D2}.Debug|x86.Build.0 = Debug|Win32
		{CE03CB8E-D56C-4CA0-ACD8-2156F8E691D2}.Release|x64.ActiveCfg = Release|x64
		{CE03CB8E-D56C-4CA0-ACD8-2156F8E691D2}.Release|x64.Build.0 = Release|x64
		{CE03CB8E-D56C-4CA0-ACD8-2156F8E691D2}.Release|x86.ActiveCfg = Release|Win32
		{CE03CB8E-D56C-4CA0-ACD8-2156F8E691D2}.Release|x86.Build.0 = Release|Win32
		{E45589F3-5E55-4D45-A654-B9696F027EC4}.Debug|x64.ActiveCfg = Debug|x64
		{E45589F3-5E55-4D45-A654-B9696F027EC4}.Debug|x64.Build.0 = Debug|x64
		{E45589F3-5E55-4D45-A654-B9696F027EC4}.Debug|x86.ActiveCfg = Debug|Win32
		{E45589F3-5E55-4D45-A654-B9696F027EC4}.Debug|x86.Build.0 = Debug|Win32
		{E45589F3-5E55-4D45-A654-B9696F027EC4}.Release|x64.ActiveCfg = Release|x64
		{E45589F3-5E55-4D45-A654-B9696F027EC4}.Release|x64.Build.0 = Release|x64
		{E45589F3-5E55-4D45-A654-B9696F027EC4}.Release|x86.ActiveCfg = Release|Win32
		{E45589F3-5E55-4D45-A654-B9696F027EC4}.Release|x86.Build.0 = Release|Win32
		{49D97A51-CC37-4488-8C17-A232A8D0DEF0}.Debug|x64.ActiveCfg = Debug|x64
		{49D97A51-CC37-4488-8C17-A232A8D0DEF0}.Debug|x64.Build.0 = Debug|x64
		{49D97A51-CC37-4488-8C17-A232A8D0DEF0}.Debug|x86.ActiveCfg = Debug|Win32
		{49D97A51-CC37-4488-8C17-A232A8D0DEF0}.Debug|x86.Build.0 = Debug|Win32
		{49D97A51-CC37-4488-8C17-A232A8D0DEF0}.Release|x64.ActiveCfg = Release|x64
		{49D97A51-CC37-4488-8C17-A232A8D0DEF0}.Release|x64.Build.0 = Release|x64
		{49D97A51-CC37-4488-8C17-A232A8D0DEF0}.Release|x86.ActiveCfg = Release|Win32
		{49D97A51-CC37-4488-8C17-A232A8D0DEF0}.Release|x86.Build.0 = Release|Win32
	EndGlobalSection
	GlobalSection(SolutionProperties) = preSolution
		HideSolutionNode = FALSE
	EndGlobalSection
EndGlobal
