
Microsoft Visual Studio Solution File, Format Version 12.00
# Visual Studio 14
VisualStudioVersion = 14.0.25420.1
MinimumVisualStudioVersion = 10.0.40219.1
Project("{8BC9CEB8-8B4A-11D0-8D11-00A0C91BC942}") = "01HelloWorld", "C++学习\C++学习.vcxproj", "{5EB613D6-77C2-4683-B065-0F3D9A16ADFD}"
EndProject
Project("{8BC9CEB8-8B4A-11D0-8D11-00A0C91BC942}") = "02 namespace 命名空间", "02 namespace 命名空间\02 namespace 命名空间.vcxproj", "{7B201917-32C1-451A-990A-94EE9E2D1F39}"
EndProject
Project("{8BC9CEB8-8B4A-11D0-8D11-00A0C91BC942}") = "03 C++语言的增强", "03 C++语言的增强\03 C++语言的增强.vcxproj", "{AC536F41-BDE8-4380-9B5F-865A23BACE91}"
EndProject
Project("{8BC9CEB8-8B4A-11D0-8D11-00A0C91BC942}") = "04引用的基本概念", "引用的基本概念\引用的基本概念.vcxproj", "{7AEB74F8-E25F-4CF8-B93D-D0534C6BFC1D}"
EndProject
Project("{8BC9CEB8-8B4A-11D0-8D11-00A0C91BC942}") = "05引用作为函数参数", "05引用作为函数参数\05引用作为函数参数.vcxproj", "{F834FF3D-DCC2-40B4-A82A-E3ED3A2C9D56}"
EndProject
Project("{8BC9CEB8-8B4A-11D0-8D11-00A0C91BC942}") = "06引用的本质", "06引用的本质\06引用的本质.vcxproj", "{39DB16B0-C9E3-4AA4-9B80-46D469E36272}"
EndProject
Project("{8BC9CEB8-8B4A-11D0-8D11-00A0C91BC942}") = "07引用作为函数返回值", "引用作为函数返回值\引用作为函数返回值.vcxproj", "{14F91B9F-1603-4A49-A380-560B28282C58}"
EndProject
Project("{8BC9CEB8-8B4A-11D0-8D11-00A0C91BC942}") = "08指针引用", "08指针引用\08指针引用.vcxproj", "{D658FCE3-0420-438E-BB28-068DC0AE1BF1}"
EndProject
Project("{8BC9CEB8-8B4A-11D0-8D11-00A0C91BC942}") = "09const引用", "09const引用\09const引用.vcxproj", "{9E0D9D82-9D40-429C-AE28-809902498AF1}"
EndProject
Project("{8BC9CEB8-8B4A-11D0-8D11-00A0C91BC942}") = "10内联函数", "10内联函数\10内联函数.vcxproj", "{8B652E10-1274-4433-B872-49BBA731C0CE}"
EndProject
Project("{8BC9CEB8-8B4A-11D0-8D11-00A0C91BC942}") = "11默认参数和占位符", "11默认参数和占位符\11默认参数和占位符.vcxproj", "{7877EE94-67F1-416E-B912-5E1B7CD7AD3C}"
EndProject
Project("{8BC9CEB8-8B4A-11D0-8D11-00A0C91BC942}") = "12函数重载", "函数重载\函数重载.vcxproj", "{7AC715CF-9FC3-4671-9CB3-1A714C8957A7}"
EndProject
Project("{8BC9CEB8-8B4A-11D0-8D11-00A0C91BC942}") = "13函数指针和函数重载", "13函数指针和函数重载\13函数指针和函数重载.vcxproj", "{E4E31E19-7AB4-4F9E-8BE6-546916282C93}"
EndProject
Project("{8BC9CEB8-8B4A-11D0-8D11-00A0C91BC942}") = "14类的封装", "类的封装\类的封装.vcxproj", "{8821D2E2-E1C3-4D86-9E20-3E59673CAC4F}"
EndProject
Project("{8BC9CEB8-8B4A-11D0-8D11-00A0C91BC942}") = "15判断两个立方体是否相等", "15判断两个立方体是否相等\15判断两个立方体是否相等.vcxproj", "{C8E77291-116E-4177-B15C-3ABF59CBD58C}"
EndProject
Project("{8BC9CEB8-8B4A-11D0-8D11-00A0C91BC942}") = "16构造函数", "16构造函数\16构造函数.vcxproj", "{F5C84744-2368-489B-8FC4-CDB799AA39CD}"
EndProject
Project("{8BC9CEB8-8B4A-11D0-8D11-00A0C91BC942}") = "17构造函数的分类和析构顺序", "17构造函数的分类和析构顺序\17构造函数的分类和析构顺序.vcxproj", "{B55075A8-6905-48E3-9204-FBA28EACED82}"
EndProject
Project("{8BC9CEB8-8B4A-11D0-8D11-00A0C91BC942}") = "18拷贝构造函数", "18拷贝构造函数\18拷贝构造函数.vcxproj", "{9F5D0E5B-E722-4CC2-AE42-F01735D6F4E0}"
EndProject
Project("{8BC9CEB8-8B4A-11D0-8D11-00A0C91BC942}") = "19默认构造函数", "19默认构造函数\19默认构造函数.vcxproj", "{BCB9D7DC-2AC4-49AC-81C9-9B4A8C78E08A}"
EndProject
Project("{8BC9CEB8-8B4A-11D0-8D11-00A0C91BC942}") = "20深拷贝浅拷贝", "20深拷贝浅拷贝\20深拷贝浅拷贝.vcxproj", "{94267760-E48D-4B7B-B5CA-5D481FE20EBD}"
EndProject
Project("{8BC9CEB8-8B4A-11D0-8D11-00A0C91BC942}") = "21构造函数的初始化列表", "21构造函数的初始化列表\21构造函数的初始化列表.vcxproj", "{2C9718D5-DB3F-43EB-8AFB-2C49EE262FC4}"
EndProject
Project("{8BC9CEB8-8B4A-11D0-8D11-00A0C91BC942}") = "22 new和delete", "22 new和delete\22 new和delete.vcxproj", "{E919838C-0D3E-4A12-A674-2DFFB8877E47}"
EndProject
Project("{8BC9CEB8-8B4A-11D0-8D11-00A0C91BC942}") = "23 static修饰成员变量", "23 static修饰成员变量\23 static修饰成员变量.vcxproj", "{FAB3B57D-F55D-4F79-9B06-2A0966782941}"
EndProject
Project("{8BC9CEB8-8B4A-11D0-8D11-00A0C91BC942}") = "24static修改时成员函数和成员变量", "24static修改时成员函数和成员变量\24static修改时成员函数和成员变量.vcxproj", "{26C32E5C-3008-4612-823A-BDFFA1DECD8D}"
EndProject
Project("{8BC9CEB8-8B4A-11D0-8D11-00A0C91BC942}") = "25 static修饰成员函数", "25 static修饰成员函数\25 static修饰成员函数.vcxproj", "{57E5E5C9-59AE-4BBC-BC3D-7C69D9C4DA17}"
EndProject
Project("{8BC9CEB8-8B4A-11D0-8D11-00A0C91BC942}") = "26 static成员变量的大小", "26 static成员变量的大小\26 static成员变量的大小.vcxproj", "{7EFC45F4-AD6C-4291-8680-569FA3AB96CF}"
EndProject
Project("{8BC9CEB8-8B4A-11D0-8D11-00A0C91BC942}") = "27 模拟仓库", "27 模拟仓库\27 模拟仓库.vcxproj", "{2CC6DBF3-3919-4934-8B1C-BC21A9380562}"
EndProject
Project("{8BC9CEB8-8B4A-11D0-8D11-00A0C91BC942}") = "28 全局函数和成员函数", "28 全局函数和成员函数\28 全局函数和成员函数.vcxproj", "{D1061066-3A2B-4BCA-95C2-EFAA1EE32662}"
EndProject
Project("{8BC9CEB8-8B4A-11D0-8D11-00A0C91BC942}") = "29 this指针", "29 this指针\29 this指针.vcxproj", "{659D4695-F9F6-4BAC-8ABA-6E551D6B52B2}"
EndProject
Project("{8BC9CEB8-8B4A-11D0-8D11-00A0C91BC942}") = "31 友元", "31 友元\31 友元.vcxproj", "{42CACA8D-4B0D-4566-8C35-8A02B2167579}"
EndProject
Project("{8BC9CEB8-8B4A-11D0-8D11-00A0C91BC942}") = "32友元类", "32友元类\32友元类.vcxproj", "{66194B11-C1FA-4A81-857B-5E62F3190E23}"
EndProject
Project("{8BC9CEB8-8B4A-11D0-8D11-00A0C91BC942}") = "33操作符重载", "操作符重载\操作符重载.vcxproj", "{084C7919-4040-4FA5-A9F5-09BEBCB86FA3}"
EndProject
Project("{8BC9CEB8-8B4A-11D0-8D11-00A0C91BC942}") = "数组类", "数组类\数组类.vcxproj", "{74257FC7-ED96-4391-B0B1-127633BF9241}"
EndProject
Project("{8BC9CEB8-8B4A-11D0-8D11-00A0C91BC942}") = "重载new和delete", "重载new和delete\重载new和delete.vcxproj", "{AB24DD74-891E-4DD7-BE60-0CD61FE321B3}"
EndProject
Project("{8BC9CEB8-8B4A-11D0-8D11-00A0C91BC942}") = "35 重载()", "35 重载()\35 重载().vcxproj", "{81263C7E-C8B2-4C02-BE45-470DC6D57DA6}"
EndProject
Project("{8BC9CEB8-8B4A-11D0-8D11-00A0C91BC942}") = "36重载智能指针", "36重载智能指针\36重载智能指针.vcxproj", "{1DE4D90B-B1A4-4AC6-8261-AF4E804C9D96}"
EndProject
Project("{8BC9CEB8-8B4A-11D0-8D11-00A0C91BC942}") = "37 MyString", "37 MyString\37 MyString.vcxproj", "{A155A14C-A45A-4863-8E6A-E077280453BE}"
EndProject
Project("{8BC9CEB8-8B4A-11D0-8D11-00A0C91BC942}") = "38 类和类之间的关系", "38 类和类之间的关系\38 类和类之间的关系.vcxproj", "{229C4B4F-05B8-4208-98C2-78F8506E389D}"
EndProject
Project("{8BC9CEB8-8B4A-11D0-8D11-00A0C91BC942}") = "39 继承的概念", "39 继承的概念\39 继承的概念.vcxproj", "{FC8BD235-61DD-4D82-B0E6-B92569E3444F}"
EndProject
Project("{8BC9CEB8-8B4A-11D0-8D11-00A0C91BC942}") = "40 继承的方式", "40 继承的方式\40 继承的方式.vcxproj", "{565555C0-FC94-45AA-8DF1-9E653AA276EB}"
EndProject
Project("{8BC9CEB8-8B4A-11D0-8D11-00A0C91BC942}") = "41 类的兼容性赋值原则", "41 类的兼容性赋值原则\41 类的兼容性赋值原则.vcxproj", "{61D1FF6A-24FE-4711-BBE8-28E2F913C120}"
EndProject
Project("{8BC9CEB8-8B4A-11D0-8D11-00A0C91BC942}") = "42 继承的构造和析构", "42 继承的构造和析构\42 继承的构造和析构.vcxproj", "{27134363-F97F-4759-BB90-CF5AE7103311}"
EndProject
Project("{8BC9CEB8-8B4A-11D0-8D11-00A0C91BC942}") = "43 当父类和子类变量重名", "43 当父类和子类变量重名\43 当父类和子类变量重名.vcxproj", "{92DF66C8-8E93-4932-AA5B-DF8EF1FA4E58}"
EndProject
Project("{8BC9CEB8-8B4A-11D0-8D11-00A0C91BC942}") = "44 派生类中的static", "44 派生类中的static\44 派生类中的static.vcxproj", "{A6BFB6F0-26F1-4BB5-90CB-6DA3D36202F8}"
EndProject
Project("{8BC9CEB8-8B4A-11D0-8D11-00A0C91BC942}") = "45 多继承", "45 多继承\45 多继承.vcxproj", "{93293E18-9569-4BB1-8D7F-EDFF6C1E1D6C}"
EndProject
Project("{8BC9CEB8-8B4A-11D0-8D11-00A0C91BC942}") = "46 多态", "46 多态\46 多态.vcxproj", "{3606FAB0-8369-4986-90EA-988D92FEBD1C}"
EndProject
Project("{8BC9CEB8-8B4A-11D0-8D11-00A0C91BC942}") = "47 为什么要有多态", "47 为什么要有多态\47 为什么要有多态.vcxproj", "{FD7EE854-DBB9-460B-996F-840B81807A2D}"
EndProject
Project("{8BC9CEB8-8B4A-11D0-8D11-00A0C91BC942}") = "48 虚析构函数", "48 虚析构函数\48 虚析构函数.vcxproj", "{8506F71F-B919-4779-806E-58BEBD9680A0}"
EndProject
Project("{8BC9CEB8-8B4A-11D0-8D11-00A0C91BC942}") = "49 多态的原理", "49 多态的原理\49 多态的原理.vcxproj", "{B3436AE0-601C-466B-A9A8-6F23BC8DF002}"
EndProject
Project("{8BC9CEB8-8B4A-11D0-8D11-00A0C91BC942}") = "50 vptr指针", "50 vptr指针\50 vptr指针.vcxproj", "{C0CA4484-C88B-4523-8784-B510FFACF2D6}"
EndProject
Project("{8BC9CEB8-8B4A-11D0-8D11-00A0C91BC942}") = "51 父类和子类指针的步长", "51 父类和子类指针的步长\51 父类和子类指针的步长.vcxproj", "{DEDD31E1-DBC7-44A7-B4A5-10A1D1D99AA1}"
EndProject
Project("{8BC9CEB8-8B4A-11D0-8D11-00A0C91BC942}") = "52 虚继承和多继承", "52 虚继承和多继承\52 虚继承和多继承.vcxproj", "{022B0E30-FC22-4F40-B72D-3A02ACE4A4BF}"
EndProject
Project("{8BC9CEB8-8B4A-11D0-8D11-00A0C91BC942}") = "53 纯虚函数和抽象类", "53 纯虚函数和抽象类\53 纯虚函数和抽象类.vcxproj", "{88460B64-59AF-4FC5-9E0A-ECAE8C1D8D67}"
EndProject
Project("{8BC9CEB8-8B4A-11D0-8D11-00A0C91BC942}") = "54 动物园", "54 动物园\54 动物园.vcxproj", "{F1663097-87F8-489E-B262-E4B639745449}"
EndProject
Project("{8BC9CEB8-8B4A-11D0-8D11-00A0C91BC942}") = "55 多态练习", "55 多态练习\55 多态练习.vcxproj", "{C92B8C4A-148A-449E-AAA9-ABD5419A2F59}"
EndProject
Project("{8BC9CEB8-8B4A-11D0-8D11-00A0C91BC942}") = "56 程序员工资", "56 程序员工资\56 程序员工资.vcxproj", "{C5D4CF86-69E9-4531-83F5-E6308BB30568}"
EndProject
Project("{8BC9CEB8-8B4A-11D0-8D11-00A0C91BC942}") = "57 C语言多态", "57 C语言多态\57 C语言多态.vcxproj", "{0C8F60F9-7488-4243-BF5E-7349A4F723B7}"
EndProject
Project("{8BC9CEB8-8B4A-11D0-8D11-00A0C91BC942}") = "58 用函数重载实现参数类型的泛化", "58 用函数重载实现参数类型的泛化\58 用函数重载实现参数类型的泛化.vcxproj", "{13A81366-F193-476C-AC30-5ABB852E094C}"
EndProject
Project("{8BC9CEB8-8B4A-11D0-8D11-00A0C91BC942}") = "59 使用模板函数实现类型的泛化", "59 使用模板函数实现类型的泛化\59 使用模板函数实现类型的泛化.vcxproj", "{C98ED81F-C386-40B5-AEBE-204E51871171}"
EndProject
Project("{8BC9CEB8-8B4A-11D0-8D11-00A0C91BC942}") = "60 通用类型的排序", "60 通用类型的排序\60 通用类型的排序.vcxproj", "{69ED4FA3-7E98-43F2-AD4F-7C1DEE950FB7}"
EndProject
Project("{8BC9CEB8-8B4A-11D0-8D11-00A0C91BC942}") = "61 模板函数和函数重载", "61 模板函数和函数重载\61 模板函数和函数重载.vcxproj", "{A6FF7DA6-F4FE-4776-AAE3-C919CEF6AA56}"
EndProject
Project("{8BC9CEB8-8B4A-11D0-8D11-00A0C91BC942}") = "62 类模板的基础语法", "62 类模板的基础语法\62 类模板的基础语法.vcxproj", "{535AAAEC-A1AB-4727-B4CD-C0A96DDE9128}"
EndProject
Project("{8BC9CEB8-8B4A-11D0-8D11-00A0C91BC942}") = "63 对模板类的二次编译", "63 对模板类的二次编译\63 对模板类的二次编译.vcxproj", "{A5E13029-5E20-4660-8677-D9E3DF9F86F2}"
EndProject
Project("{8BC9CEB8-8B4A-11D0-8D11-00A0C91BC942}") = "64 模板类中的static", "64 模板类中的static\64 模板类中的static.vcxproj", "{EFEB68D9-4477-41C6-B79C-77344BAD4355}"
EndProject
Project("{8BC9CEB8-8B4A-11D0-8D11-00A0C91BC942}") = "65 static_cast转换", "65 static_cast转换\65 static_cast转换.vcxproj", "{FCB5283E-F81D-4D79-AB10-8F96A258AF6A}"
EndProject
Project("{8BC9CEB8-8B4A-11D0-8D11-00A0C91BC942}") = "66 dynamic_cast转换", "66 dynamic_cast转换\66 dynamic_cast转换.vcxproj", "{F44B0274-BCF6-4BB6-AE0E-41AAF11838A3}"
EndProject
Project("{8BC9CEB8-8B4A-11D0-8D11-00A0C91BC942}") = "67 const_cast转换", "67 const_cast转换\67 const_cast转换.vcxproj", "{00059119-778E-4B58-813D-096B6C696A2A}"
EndProject
Project("{8BC9CEB8-8B4A-11D0-8D11-00A0C91BC942}") = "68 reinterpret_cast强制转换", "68 reinterpret_cast强制转换\68 reinterpret_cast强制转换.vcxproj", "{A6E87D6F-208E-499F-B13C-1CB98CFFA294}"
EndProject
Project("{8BC9CEB8-8B4A-11D0-8D11-00A0C91BC942}") = "69 异常的基本语法", "69 异常的基本语法\69 异常的基本语法.vcxproj", "{11823275-5CB2-445A-8228-614CC3864D51}"
EndProject
Project("{8BC9CEB8-8B4A-11D0-8D11-00A0C91BC942}") = "70 栈解旋", "70 栈解旋\70 栈解旋.vcxproj", "{B6D67091-5B05-49A4-A012-0ED4A7666562}"
EndProject
Project("{8BC9CEB8-8B4A-11D0-8D11-00A0C91BC942}") = "71 异常变量的生命周期", "71 异常变量的生命周期\71 异常变量的生命周期.vcxproj", "{FBDEEAE1-711F-4FBD-B089-EDA6CFD50685}"
EndProject
Project("{8BC9CEB8-8B4A-11D0-8D11-00A0C91BC942}") = "72 标准的异常", "72 标准的异常\72 标准的异常.vcxproj", "{5FA8CD0C-DADE-4D89-94DF-F02D96AE82F8}"
EndProject
Project("{8BC9CEB8-8B4A-11D0-8D11-00A0C91BC942}") = "73 常用的标准输入输出", "73 常用的标准输入输出\73 常用的标准输入输出.vcxproj", "{0B1547EB-F8D7-4989-9F03-7821BE007ACC}"
EndProject
Project("{8BC9CEB8-8B4A-11D0-8D11-00A0C91BC942}") = "74 常用的标准输出", "74 常用的标准输出\74 常用的标准输出.vcxproj", "{8A8BB5A9-6F71-4FD2-9C82-65C608F9F585}"
EndProject
Project("{8BC9CEB8-8B4A-11D0-8D11-00A0C91BC942}") = "75 文件流的基本操作", "75 文件流的基本操作\75 文件流的基本操作.vcxproj", "{3890135C-04B7-42C6-8263-7CC02A2B2925}"
EndProject
Global
	GlobalSection(SolutionConfigurationPlatforms) = preSolution
		Debug|x64 = Debug|x64
		Debug|x86 = Debug|x86
		Release|x64 = Release|x64
		Release|x86 = Release|x86
	EndGlobalSection
	GlobalSection(ProjectConfigurationPlatforms) = postSolution
		{5EB613D6-77C2-4683-B065-0F3D9A16ADFD}.Debug|x64.ActiveCfg = Debug|x64
		{5EB613D6-77C2-4683-B065-0F3D9A16ADFD}.Debug|x64.Build.0 = Debug|x64
		{5EB613D6-77C2-4683-B065-0F3D9A16ADFD}.Debug|x86.ActiveCfg = Debug|Win32
		{5EB613D6-77C2-4683-B065-0F3D9A16ADFD}.Debug|x86.Build.0 = Debug|Win32
		{5EB613D6-77C2-4683-B065-0F3D9A16ADFD}.Release|x64.ActiveCfg = Release|x64
		{5EB613D6-77C2-4683-B065-0F3D9A16ADFD}.Release|x64.Build.0 = Release|x64
		{5EB613D6-77C2-4683-B065-0F3D9A16ADFD}.Release|x86.ActiveCfg = Release|Win32
		{5EB613D6-77C2-4683-B065-0F3D9A16ADFD}.Release|x86.Build.0 = Release|Win32
		{7B201917-32C1-451A-990A-94EE9E2D1F39}.Debug|x64.ActiveCfg = Debug|x64
		{7B201917-32C1-451A-990A-94EE9E2D1F39}.Debug|x64.Build.0 = Debug|x64
		{7B201917-32C1-451A-990A-94EE9E2D1F39}.Debug|x86.ActiveCfg = Debug|Win32
		{7B201917-32C1-451A-990A-94EE9E2D1F39}.Debug|x86.Build.0 = Debug|Win32
		{7B201917-32C1-451A-990A-94EE9E2D1F39}.Release|x64.ActiveCfg = Release|x64
		{7B201917-32C1-451A-990A-94EE9E2D1F39}.Release|x64.Build.0 = Release|x64
		{7B201917-32C1-451A-990A-94EE9E2D1F39}.Release|x86.ActiveCfg = Release|Win32
		{7B201917-32C1-451A-990A-94EE9E2D1F39}.Release|x86.Build.0 = Release|Win32
		{AC536F41-BDE8-4380-9B5F-865A23BACE91}.Debug|x64.ActiveCfg = Debug|x64
		{AC536F41-BDE8-4380-9B5F-865A23BACE91}.Debug|x64.Build.0 = Debug|x64
		{AC536F41-BDE8-4380-9B5F-865A23BACE91}.Debug|x86.ActiveCfg = Debug|Win32
		{AC536F41-BDE8-4380-9B5F-865A23BACE91}.Debug|x86.Build.0 = Debug|Win32
		{AC536F41-BDE8-4380-9B5F-865A23BACE91}.Release|x64.ActiveCfg = Release|x64
		{AC536F41-BDE8-4380-9B5F-865A23BACE91}.Release|x64.Build.0 = Release|x64
		{AC536F41-BDE8-4380-9B5F-865A23BACE91}.Release|x86.ActiveCfg = Release|Win32
		{AC536F41-BDE8-4380-9B5F-865A23BACE91}.Release|x86.Build.0 = Release|Win32
		{7AEB74F8-E25F-4CF8-B93D-D0534C6BFC1D}.Debug|x64.ActiveCfg = Debug|x64
		{7AEB74F8-E25F-4CF8-B93D-D0534C6BFC1D}.Debug|x64.Build.0 = Debug|x64
		{7AEB74F8-E25F-4CF8-B93D-D0534C6BFC1D}.Debug|x86.ActiveCfg = Debug|Win32
		{7AEB74F8-E25F-4CF8-B93D-D0534C6BFC1D}.Debug|x86.Build.0 = Debug|Win32
		{7AEB74F8-E25F-4CF8-B93D-D0534C6BFC1D}.Release|x64.ActiveCfg = Release|x64
		{7AEB74F8-E25F-4CF8-B93D-D0534C6BFC1D}.Release|x64.Build.0 = Release|x64
		{7AEB74F8-E25F-4CF8-B93D-D0534C6BFC1D}.Release|x86.ActiveCfg = Release|Win32
		{7AEB74F8-E25F-4CF8-B93D-D0534C6BFC1D}.Release|x86.Build.0 = Release|Win32
		{F834FF3D-DCC2-40B4-A82A-E3ED3A2C9D56}.Debug|x64.ActiveCfg = Debug|x64
		{F834FF3D-DCC2-40B4-A82A-E3ED3A2C9D56}.Debug|x64.Build.0 = Debug|x64
		{F834FF3D-DCC2-40B4-A82A-E3ED3A2C9D56}.Debug|x86.ActiveCfg = Debug|Win32
		{F834FF3D-DCC2-40B4-A82A-E3ED3A2C9D56}.Debug|x86.Build.0 = Debug|Win32
		{F834FF3D-DCC2-40B4-A82A-E3ED3A2C9D56}.Release|x64.ActiveCfg = Release|x64
		{F834FF3D-DCC2-40B4-A82A-E3ED3A2C9D56}.Release|x64.Build.0 = Release|x64
		{F834FF3D-DCC2-40B4-A82A-E3ED3A2C9D56}.Release|x86.ActiveCfg = Release|Win32
		{F834FF3D-DCC2-40B4-A82A-E3ED3A2C9D56}.Release|x86.Build.0 = Release|Win32
		{39DB16B0-C9E3-4AA4-9B80-46D469E36272}.Debug|x64.ActiveCfg = Debug|x64
		{39DB16B0-C9E3-4AA4-9B80-46D469E36272}.Debug|x64.Build.0 = Debug|x64
		{39DB16B0-C9E3-4AA4-9B80-46D469E36272}.Debug|x86.ActiveCfg = Debug|Win32
		{39DB16B0-C9E3-4AA4-9B80-46D469E36272}.Debug|x86.Build.0 = Debug|Win32
		{39DB16B0-C9E3-4AA4-9B80-46D469E36272}.Release|x64.ActiveCfg = Release|x64
		{39DB16B0-C9E3-4AA4-9B80-46D469E36272}.Release|x64.Build.0 = Release|x64
		{39DB16B0-C9E3-4AA4-9B80-46D469E36272}.Release|x86.ActiveCfg = Release|Win32
		{39DB16B0-C9E3-4AA4-9B80-46D469E36272}.Release|x86.Build.0 = Release|Win32
		{14F91B9F-1603-4A49-A380-560B28282C58}.Debug|x64.ActiveCfg = Debug|x64
		{14F91B9F-1603-4A49-A380-560B28282C58}.Debug|x64.Build.0 = Debug|x64
		{14F91B9F-1603-4A49-A380-560B28282C58}.Debug|x86.ActiveCfg = Debug|Win32
		{14F91B9F-1603-4A49-A380-560B28282C58}.Debug|x86.Build.0 = Debug|Win32
		{14F91B9F-1603-4A49-A380-560B28282C58}.Release|x64.ActiveCfg = Release|x64
		{14F91B9F-1603-4A49-A380-560B28282C58}.Release|x64.Build.0 = Release|x64
		{14F91B9F-1603-4A49-A380-560B28282C58}.Release|x86.ActiveCfg = Release|Win32
		{14F91B9F-1603-4A49-A380-560B28282C58}.Release|x86.Build.0 = Release|Win32
		{D658FCE3-0420-438E-BB28-068DC0AE1BF1}.Debug|x64.ActiveCfg = Debug|x64
		{D658FCE3-0420-438E-BB28-068DC0AE1BF1}.Debug|x64.Build.0 = Debug|x64
		{D658FCE3-0420-438E-BB28-068DC0AE1BF1}.Debug|x86.ActiveCfg = Debug|Win32
		{D658FCE3-0420-438E-BB28-068DC0AE1BF1}.Debug|x86.Build.0 = Debug|Win32
		{D658FCE3-0420-438E-BB28-068DC0AE1BF1}.Release|x64.ActiveCfg = Release|x64
		{D658FCE3-0420-438E-BB28-068DC0AE1BF1}.Release|x64.Build.0 = Release|x64
		{D658FCE3-0420-438E-BB28-068DC0AE1BF1}.Release|x86.ActiveCfg = Release|Win32
		{D658FCE3-0420-438E-BB28-068DC0AE1BF1}.Release|x86.Build.0 = Release|Win32
		{9E0D9D82-9D40-429C-AE28-809902498AF1}.Debug|x64.ActiveCfg = Debug|x64
		{9E0D9D82-9D40-429C-AE28-809902498AF1}.Debug|x64.Build.0 = Debug|x64
		{9E0D9D82-9D40-429C-AE28-809902498AF1}.Debug|x86.ActiveCfg = Debug|Win32
		{9E0D9D82-9D40-429C-AE28-809902498AF1}.Debug|x86.Build.0 = Debug|Win32
		{9E0D9D82-9D40-429C-AE28-809902498AF1}.Release|x64.ActiveCfg = Release|x64
		{9E0D9D82-9D40-429C-AE28-809902498AF1}.Release|x64.Build.0 = Release|x64
		{9E0D9D82-9D40-429C-AE28-809902498AF1}.Release|x86.ActiveCfg = Release|Win32
		{9E0D9D82-9D40-429C-AE28-809902498AF1}.Release|x86.Build.0 = Release|Win32
		{8B652E10-1274-4433-B872-49BBA731C0CE}.Debug|x64.ActiveCfg = Debug|x64
		{8B652E10-1274-4433-B872-49BBA731C0CE}.Debug|x64.Build.0 = Debug|x64
		{8B652E10-1274-4433-B872-49BBA731C0CE}.Debug|x86.ActiveCfg = Debug|Win32
		{8B652E10-1274-4433-B872-49BBA731C0CE}.Debug|x86.Build.0 = Debug|Win32
		{8B652E10-1274-4433-B872-49BBA731C0CE}.Release|x64.ActiveCfg = Release|x64
		{8B652E10-1274-4433-B872-49BBA731C0CE}.Release|x64.Build.0 = Release|x64
		{8B652E10-1274-4433-B872-49BBA731C0CE}.Release|x86.ActiveCfg = Release|Win32
		{8B652E10-1274-4433-B872-49BBA731C0CE}.Release|x86.Build.0 = Release|Win32
		{7877EE94-67F1-416E-B912-5E1B7CD7AD3C}.Debug|x64.ActiveCfg = Debug|x64
		{7877EE94-67F1-416E-B912-5E1B7CD7AD3C}.Debug|x64.Build.0 = Debug|x64
		{7877EE94-67F1-416E-B912-5E1B7CD7AD3C}.Debug|x86.ActiveCfg = Debug|Win32
		{7877EE94-67F1-416E-B912-5E1B7CD7AD3C}.Debug|x86.Build.0 = Debug|Win32
		{7877EE94-67F1-416E-B912-5E1B7CD7AD3C}.Release|x64.ActiveCfg = Release|x64
		{7877EE94-67F1-416E-B912-5E1B7CD7AD3C}.Release|x64.Build.0 = Release|x64
		{7877EE94-67F1-416E-B912-5E1B7CD7AD3C}.Release|x86.ActiveCfg = Release|Win32
		{7877EE94-67F1-416E-B912-5E1B7CD7AD3C}.Release|x86.Build.0 = Release|Win32
		{7AC715CF-9FC3-4671-9CB3-1A714C8957A7}.Debug|x64.ActiveCfg = Debug|x64
		{7AC715CF-9FC3-4671-9CB3-1A714C8957A7}.Debug|x64.Build.0 = Debug|x64
		{7AC715CF-9FC3-4671-9CB3-1A714C8957A7}.Debug|x86.ActiveCfg = Debug|Win32
		{7AC715CF-9FC3-4671-9CB3-1A714C8957A7}.Debug|x86.Build.0 = Debug|Win32
		{7AC715CF-9FC3-4671-9CB3-1A714C8957A7}.Release|x64.ActiveCfg = Release|x64
		{7AC715CF-9FC3-4671-9CB3-1A714C8957A7}.Release|x64.Build.0 = Release|x64
		{7AC715CF-9FC3-4671-9CB3-1A714C8957A7}.Release|x86.ActiveCfg = Release|Win32
		{7AC715CF-9FC3-4671-9CB3-1A714C8957A7}.Release|x86.Build.0 = Release|Win32
		{E4E31E19-7AB4-4F9E-8BE6-546916282C93}.Debug|x64.ActiveCfg = Debug|x64
		{E4E31E19-7AB4-4F9E-8BE6-546916282C93}.Debug|x64.Build.0 = Debug|x64
		{E4E31E19-7AB4-4F9E-8BE6-546916282C93}.Debug|x86.ActiveCfg = Debug|Win32
		{E4E31E19-7AB4-4F9E-8BE6-546916282C93}.Debug|x86.Build.0 = Debug|Win32
		{E4E31E19-7AB4-4F9E-8BE6-546916282C93}.Release|x64.ActiveCfg = Release|x64
		{E4E31E19-7AB4-4F9E-8BE6-546916282C93}.Release|x64.Build.0 = Release|x64
		{E4E31E19-7AB4-4F9E-8BE6-546916282C93}.Release|x86.ActiveCfg = Release|Win32
		{E4E31E19-7AB4-4F9E-8BE6-546916282C93}.Release|x86.Build.0 = Release|Win32
		{8821D2E2-E1C3-4D86-9E20-3E59673CAC4F}.Debug|x64.ActiveCfg = Debug|x64
		{8821D2E2-E1C3-4D86-9E20-3E59673CAC4F}.Debug|x64.Build.0 = Debug|x64
		{8821D2E2-E1C3-4D86-9E20-3E59673CAC4F}.Debug|x86.ActiveCfg = Debug|Win32
		{8821D2E2-E1C3-4D86-9E20-3E59673CAC4F}.Debug|x86.Build.0 = Debug|Win32
		{8821D2E2-E1C3-4D86-9E20-3E59673CAC4F}.Release|x64.ActiveCfg = Release|x64
		{8821D2E2-E1C3-4D86-9E20-3E59673CAC4F}.Release|x64.Build.0 = Release|x64
		{8821D2E2-E1C3-4D86-9E20-3E59673CAC4F}.Release|x86.ActiveCfg = Release|Win32
		{8821D2E2-E1C3-4D86-9E20-3E59673CAC4F}.Release|x86.Build.0 = Release|Win32
		{C8E77291-116E-4177-B15C-3ABF59CBD58C}.Debug|x64.ActiveCfg = Debug|x64
		{C8E77291-116E-4177-B15C-3ABF59CBD58C}.Debug|x64.Build.0 = Debug|x64
		{C8E77291-116E-4177-B15C-3ABF59CBD58C}.Debug|x86.ActiveCfg = Debug|Win32
		{C8E77291-116E-4177-B15C-3ABF59CBD58C}.Debug|x86.Build.0 = Debug|Win32
		{C8E77291-116E-4177-B15C-3ABF59CBD58C}.Release|x64.ActiveCfg = Release|x64
		{C8E77291-116E-4177-B15C-3ABF59CBD58C}.Release|x64.Build.0 = Release|x64
		{C8E77291-116E-4177-B15C-3ABF59CBD58C}.Release|x86.ActiveCfg = Release|Win32
		{C8E77291-116E-4177-B15C-3ABF59CBD58C}.Release|x86.Build.0 = Release|Win32
		{F5C84744-2368-489B-8FC4-CDB799AA39CD}.Debug|x64.ActiveCfg = Debug|x64
		{F5C84744-2368-489B-8FC4-CDB799AA39CD}.Debug|x64.Build.0 = Debug|x64
		{F5C84744-2368-489B-8FC4-CDB799AA39CD}.Debug|x86.ActiveCfg = Debug|Win32
		{F5C84744-2368-489B-8FC4-CDB799AA39CD}.Debug|x86.Build.0 = Debug|Win32
		{F5C84744-2368-489B-8FC4-CDB799AA39CD}.Release|x64.ActiveCfg = Release|x64
		{F5C84744-2368-489B-8FC4-CDB799AA39CD}.Release|x64.Build.0 = Release|x64
		{F5C84744-2368-489B-8FC4-CDB799AA39CD}.Release|x86.ActiveCfg = Release|Win32
		{F5C84744-2368-489B-8FC4-CDB799AA39CD}.Release|x86.Build.0 = Release|Win32
		{B55075A8-6905-48E3-9204-FBA28EACED82}.Debug|x64.ActiveCfg = Debug|x64
		{B55075A8-6905-48E3-9204-FBA28EACED82}.Debug|x64.Build.0 = Debug|x64
		{B55075A8-6905-48E3-9204-FBA28EACED82}.Debug|x86.ActiveCfg = Debug|Win32
		{B55075A8-6905-48E3-9204-FBA28EACED82}.Debug|x86.Build.0 = Debug|Win32
		{B55075A8-6905-48E3-9204-FBA28EACED82}.Release|x64.ActiveCfg = Release|x64
		{B55075A8-6905-48E3-9204-FBA28EACED82}.Release|x64.Build.0 = Release|x64
		{B55075A8-6905-48E3-9204-FBA28EACED82}.Release|x86.ActiveCfg = Release|Win32
		{B55075A8-6905-48E3-9204-FBA28EACED82}.Release|x86.Build.0 = Release|Win32
		{9F5D0E5B-E722-4CC2-AE42-F01735D6F4E0}.Debug|x64.ActiveCfg = Debug|x64
		{9F5D0E5B-E722-4CC2-AE42-F01735D6F4E0}.Debug|x64.Build.0 = Debug|x64
		{9F5D0E5B-E722-4CC2-AE42-F01735D6F4E0}.Debug|x86.ActiveCfg = Debug|Win32
		{9F5D0E5B-E722-4CC2-AE42-F01735D6F4E0}.Debug|x86.Build.0 = Debug|Win32
		{9F5D0E5B-E722-4CC2-AE42-F01735D6F4E0}.Release|x64.ActiveCfg = Release|x64
		{9F5D0E5B-E722-4CC2-AE42-F01735D6F4E0}.Release|x64.Build.0 = Release|x64
		{9F5D0E5B-E722-4CC2-AE42-F01735D6F4E0}.Release|x86.ActiveCfg = Release|Win32
		{9F5D0E5B-E722-4CC2-AE42-F01735D6F4E0}.Release|x86.Build.0 = Release|Win32
		{BCB9D7DC-2AC4-49AC-81C9-9B4A8C78E08A}.Debug|x64.ActiveCfg = Debug|x64
		{BCB9D7DC-2AC4-49AC-81C9-9B4A8C78E08A}.Debug|x64.Build.0 = Debug|x64
		{BCB9D7DC-2AC4-49AC-81C9-9B4A8C78E08A}.Debug|x86.ActiveCfg = Debug|Win32
		{BCB9D7DC-2AC4-49AC-81C9-9B4A8C78E08A}.Debug|x86.Build.0 = Debug|Win32
		{BCB9D7DC-2AC4-49AC-81C9-9B4A8C78E08A}.Release|x64.ActiveCfg = Release|x64
		{BCB9D7DC-2AC4-49AC-81C9-9B4A8C78E08A}.Release|x64.Build.0 = Release|x64
		{BCB9D7DC-2AC4-49AC-81C9-9B4A8C78E08A}.Release|x86.ActiveCfg = Release|Win32
		{BCB9D7DC-2AC4-49AC-81C9-9B4A8C78E08A}.Release|x86.Build.0 = Release|Win32
		{94267760-E48D-4B7B-B5CA-5D481FE20EBD}.Debug|x64.ActiveCfg = Debug|x64
		{94267760-E48D-4B7B-B5CA-5D481FE20EBD}.Debug|x64.Build.0 = Debug|x64
		{94267760-E48D-4B7B-B5CA-5D481FE20EBD}.Debug|x86.ActiveCfg = Debug|Win32
		{94267760-E48D-4B7B-B5CA-5D481FE20EBD}.Debug|x86.Build.0 = Debug|Win32
		{94267760-E48D-4B7B-B5CA-5D481FE20EBD}.Release|x64.ActiveCfg = Release|x64
		{94267760-E48D-4B7B-B5CA-5D481FE20EBD}.Release|x64.Build.0 = Release|x64
		{94267760-E48D-4B7B-B5CA-5D481FE20EBD}.Release|x86.ActiveCfg = Release|Win32
		{94267760-E48D-4B7B-B5CA-5D481FE20EBD}.Release|x86.Build.0 = Release|Win32
		{2C9718D5-DB3F-43EB-8AFB-2C49EE262FC4}.Debug|x64.ActiveCfg = Debug|x64
		{2C9718D5-DB3F-43EB-8AFB-2C49EE262FC4}.Debug|x64.Build.0 = Debug|x64
		{2C9718D5-DB3F-43EB-8AFB-2C49EE262FC4}.Debug|x86.ActiveCfg = Debug|Win32
		{2C9718D5-DB3F-43EB-8AFB-2C49EE262FC4}.Debug|x86.Build.0 = Debug|Win32
		{2C9718D5-DB3F-43EB-8AFB-2C49EE262FC4}.Release|x64.ActiveCfg = Release|x64
		{2C9718D5-DB3F-43EB-8AFB-2C49EE262FC4}.Release|x64.Build.0 = Release|x64
		{2C9718D5-DB3F-43EB-8AFB-2C49EE262FC4}.Release|x86.ActiveCfg = Release|Win32
		{2C9718D5-DB3F-43EB-8AFB-2C49EE262FC4}.Release|x86.Build.0 = Release|Win32
		{E919838C-0D3E-4A12-A674-2DFFB8877E47}.Debug|x64.ActiveCfg = Debug|x64
		{E919838C-0D3E-4A12-A674-2DFFB8877E47}.Debug|x64.Build.0 = Debug|x64
		{E919838C-0D3E-4A12-A674-2DFFB8877E47}.Debug|x86.ActiveCfg = Debug|Win32
		{E919838C-0D3E-4A12-A674-2DFFB8877E47}.Debug|x86.Build.0 = Debug|Win32
		{E919838C-0D3E-4A12-A674-2DFFB8877E47}.Release|x64.ActiveCfg = Release|x64
		{E919838C-0D3E-4A12-A674-2DFFB8877E47}.Release|x64.Build.0 = Release|x64
		{E919838C-0D3E-4A12-A674-2DFFB8877E47}.Release|x86.ActiveCfg = Release|Win32
		{E919838C-0D3E-4A12-A674-2DFFB8877E47}.Release|x86.Build.0 = Release|Win32
		{FAB3B57D-F55D-4F79-9B06-2A0966782941}.Debug|x64.ActiveCfg = Debug|x64
		{FAB3B57D-F55D-4F79-9B06-2A0966782941}.Debug|x64.Build.0 = Debug|x64
		{FAB3B57D-F55D-4F79-9B06-2A0966782941}.Debug|x86.ActiveCfg = Debug|Win32
		{FAB3B57D-F55D-4F79-9B06-2A0966782941}.Debug|x86.Build.0 = Debug|Win32
		{FAB3B57D-F55D-4F79-9B06-2A0966782941}.Release|x64.ActiveCfg = Release|x64
		{FAB3B57D-F55D-4F79-9B06-2A0966782941}.Release|x64.Build.0 = Release|x64
		{FAB3B57D-F55D-4F79-9B06-2A0966782941}.Release|x86.ActiveCfg = Release|Win32
		{FAB3B57D-F55D-4F79-9B06-2A0966782941}.Release|x86.Build.0 = Release|Win32
		{26C32E5C-3008-4612-823A-BDFFA1DECD8D}.Debug|x64.ActiveCfg = Debug|x64
		{26C32E5C-3008-4612-823A-BDFFA1DECD8D}.Debug|x64.Build.0 = Debug|x64
		{26C32E5C-3008-4612-823A-BDFFA1DECD8D}.Debug|x86.ActiveCfg = Debug|Win32
		{26C32E5C-3008-4612-823A-BDFFA1DECD8D}.Debug|x86.Build.0 = Debug|Win32
		{26C32E5C-3008-4612-823A-BDFFA1DECD8D}.Release|x64.ActiveCfg = Release|x64
		{26C32E5C-3008-4612-823A-BDFFA1DECD8D}.Release|x64.Build.0 = Release|x64
		{26C32E5C-3008-4612-823A-BDFFA1DECD8D}.Release|x86.ActiveCfg = Release|Win32
		{26C32E5C-3008-4612-823A-BDFFA1DECD8D}.Release|x86.Build.0 = Release|Win32
		{57E5E5C9-59AE-4BBC-BC3D-7C69D9C4DA17}.Debug|x64.ActiveCfg = Debug|x64
		{57E5E5C9-59AE-4BBC-BC3D-7C69D9C4DA17}.Debug|x64.Build.0 = Debug|x64
		{57E5E5C9-59AE-4BBC-BC3D-7C69D9C4DA17}.Debug|x86.ActiveCfg = Debug|Win32
		{57E5E5C9-59AE-4BBC-BC3D-7C69D9C4DA17}.Debug|x86.Build.0 = Debug|Win32
		{57E5E5C9-59AE-4BBC-BC3D-7C69D9C4DA17}.Release|x64.ActiveCfg = Release|x64
		{57E5E5C9-59AE-4BBC-BC3D-7C69D9C4DA17}.Release|x64.Build.0 = Release|x64
		{57E5E5C9-59AE-4BBC-BC3D-7C69D9C4DA17}.Release|x86.ActiveCfg = Release|Win32
		{57E5E5C9-59AE-4BBC-BC3D-7C69D9C4DA17}.Release|x86.Build.0 = Release|Win32
		{7EFC45F4-AD6C-4291-8680-569FA3AB96CF}.Debug|x64.ActiveCfg = Debug|x64
		{7EFC45F4-AD6C-4291-8680-569FA3AB96CF}.Debug|x64.Build.0 = Debug|x64
		{7EFC45F4-AD6C-4291-8680-569FA3AB96CF}.Debug|x86.ActiveCfg = Debug|Win32
		{7EFC45F4-AD6C-4291-8680-569FA3AB96CF}.Debug|x86.Build.0 = Debug|Win32
		{7EFC45F4-AD6C-4291-8680-569FA3AB96CF}.Release|x64.ActiveCfg = Release|x64
		{7EFC45F4-AD6C-4291-8680-569FA3AB96CF}.Release|x64.Build.0 = Release|x64
		{7EFC45F4-AD6C-4291-8680-569FA3AB96CF}.Release|x86.ActiveCfg = Release|Win32
		{7EFC45F4-AD6C-4291-8680-569FA3AB96CF}.Release|x86.Build.0 = Release|Win32
		{2CC6DBF3-3919-4934-8B1C-BC21A9380562}.Debug|x64.ActiveCfg = Debug|x64
		{2CC6DBF3-3919-4934-8B1C-BC21A9380562}.Debug|x64.Build.0 = Debug|x64
		{2CC6DBF3-3919-4934-8B1C-BC21A9380562}.Debug|x86.ActiveCfg = Debug|Win32
		{2CC6DBF3-3919-4934-8B1C-BC21A9380562}.Debug|x86.Build.0 = Debug|Win32
		{2CC6DBF3-3919-4934-8B1C-BC21A9380562}.Release|x64.ActiveCfg = Release|x64
		{2CC6DBF3-3919-4934-8B1C-BC21A9380562}.Release|x64.Build.0 = Release|x64
		{2CC6DBF3-3919-4934-8B1C-BC21A9380562}.Release|x86.ActiveCfg = Release|Win32
		{2CC6DBF3-3919-4934-8B1C-BC21A9380562}.Release|x86.Build.0 = Release|Win32
		{D1061066-3A2B-4BCA-95C2-EFAA1EE32662}.Debug|x64.ActiveCfg = Debug|x64
		{D1061066-3A2B-4BCA-95C2-EFAA1EE32662}.Debug|x64.Build.0 = Debug|x64
		{D1061066-3A2B-4BCA-95C2-EFAA1EE32662}.Debug|x86.ActiveCfg = Debug|Win32
		{D1061066-3A2B-4BCA-95C2-EFAA1EE32662}.Debug|x86.Build.0 = Debug|Win32
		{D1061066-3A2B-4BCA-95C2-EFAA1EE32662}.Release|x64.ActiveCfg = Release|x64
		{D1061066-3A2B-4BCA-95C2-EFAA1EE32662}.Release|x64.Build.0 = Release|x64
		{D1061066-3A2B-4BCA-95C2-EFAA1EE32662}.Release|x86.ActiveCfg = Release|Win32
		{D1061066-3A2B-4BCA-95C2-EFAA1EE32662}.Release|x86.Build.0 = Release|Win32
		{659D4695-F9F6-4BAC-8ABA-6E551D6B52B2}.Debug|x64.ActiveCfg = Debug|x64
		{659D4695-F9F6-4BAC-8ABA-6E551D6B52B2}.Debug|x64.Build.0 = Debug|x64
		{659D4695-F9F6-4BAC-8ABA-6E551D6B52B2}.Debug|x86.ActiveCfg = Debug|Win32
		{659D4695-F9F6-4BAC-8ABA-6E551D6B52B2}.Debug|x86.Build.0 = Debug|Win32
		{659D4695-F9F6-4BAC-8ABA-6E551D6B52B2}.Release|x64.ActiveCfg = Release|x64
		{659D4695-F9F6-4BAC-8ABA-6E551D6B52B2}.Release|x64.Build.0 = Release|x64
		{659D4695-F9F6-4BAC-8ABA-6E551D6B52B2}.Release|x86.ActiveCfg = Release|Win32
		{659D4695-F9F6-4BAC-8ABA-6E551D6B52B2}.Release|x86.Build.0 = Release|Win32
		{42CACA8D-4B0D-4566-8C35-8A02B2167579}.Debug|x64.ActiveCfg = Debug|x64
		{42CACA8D-4B0D-4566-8C35-8A02B2167579}.Debug|x64.Build.0 = Debug|x64
		{42CACA8D-4B0D-4566-8C35-8A02B2167579}.Debug|x86.ActiveCfg = Debug|Win32
		{42CACA8D-4B0D-4566-8C35-8A02B2167579}.Debug|x86.Build.0 = Debug|Win32
		{42CACA8D-4B0D-4566-8C35-8A02B2167579}.Release|x64.ActiveCfg = Release|x64
		{42CACA8D-4B0D-4566-8C35-8A02B2167579}.Release|x64.Build.0 = Release|x64
		{42CACA8D-4B0D-4566-8C35-8A02B2167579}.Release|x86.ActiveCfg = Release|Win32
		{42CACA8D-4B0D-4566-8C35-8A02B2167579}.Release|x86.Build.0 = Release|Win32
		{66194B11-C1FA-4A81-857B-5E62F3190E23}.Debug|x64.ActiveCfg = Debug|x64
		{66194B11-C1FA-4A81-857B-5E62F3190E23}.Debug|x64.Build.0 = Debug|x64
		{66194B11-C1FA-4A81-857B-5E62F3190E23}.Debug|x86.ActiveCfg = Debug|Win32
		{66194B11-C1FA-4A81-857B-5E62F3190E23}.Debug|x86.Build.0 = Debug|Win32
		{66194B11-C1FA-4A81-857B-5E62F3190E23}.Release|x64.ActiveCfg = Release|x64
		{66194B11-C1FA-4A81-857B-5E62F3190E23}.Release|x64.Build.0 = Release|x64
		{66194B11-C1FA-4A81-857B-5E62F3190E23}.Release|x86.ActiveCfg = Release|Win32
		{66194B11-C1FA-4A81-857B-5E62F3190E23}.Release|x86.Build.0 = Release|Win32
		{084C7919-4040-4FA5-A9F5-09BEBCB86FA3}.Debug|x64.ActiveCfg = Debug|x64
		{084C7919-4040-4FA5-A9F5-09BEBCB86FA3}.Debug|x64.Build.0 = Debug|x64
		{084C7919-4040-4FA5-A9F5-09BEBCB86FA3}.Debug|x86.ActiveCfg = Debug|Win32
		{084C7919-4040-4FA5-A9F5-09BEBCB86FA3}.Debug|x86.Build.0 = Debug|Win32
		{084C7919-4040-4FA5-A9F5-09BEBCB86FA3}.Release|x64.ActiveCfg = Release|x64
		{084C7919-4040-4FA5-A9F5-09BEBCB86FA3}.Release|x64.Build.0 = Release|x64
		{084C7919-4040-4FA5-A9F5-09BEBCB86FA3}.Release|x86.ActiveCfg = Release|Win32
		{084C7919-4040-4FA5-A9F5-09BEBCB86FA3}.Release|x86.Build.0 = Release|Win32
		{74257FC7-ED96-4391-B0B1-127633BF9241}.Debug|x64.ActiveCfg = Debug|x64
		{74257FC7-ED96-4391-B0B1-127633BF9241}.Debug|x64.Build.0 = Debug|x64
		{74257FC7-ED96-4391-B0B1-127633BF9241}.Debug|x86.ActiveCfg = Debug|Win32
		{74257FC7-ED96-4391-B0B1-127633BF9241}.Debug|x86.Build.0 = Debug|Win32
		{74257FC7-ED96-4391-B0B1-127633BF9241}.Release|x64.ActiveCfg = Release|x64
		{74257FC7-ED96-4391-B0B1-127633BF9241}.Release|x64.Build.0 = Release|x64
		{74257FC7-ED96-4391-B0B1-127633BF9241}.Release|x86.ActiveCfg = Release|Win32
		{74257FC7-ED96-4391-B0B1-127633BF9241}.Release|x86.Build.0 = Release|Win32
		{AB24DD74-891E-4DD7-BE60-0CD61FE321B3}.Debug|x64.ActiveCfg = Debug|x64
		{AB24DD74-891E-4DD7-BE60-0CD61FE321B3}.Debug|x64.Build.0 = Debug|x64
		{AB24DD74-891E-4DD7-BE60-0CD61FE321B3}.Debug|x86.ActiveCfg = Debug|Win32
		{AB24DD74-891E-4DD7-BE60-0CD61FE321B3}.Debug|x86.Build.0 = Debug|Win32
		{AB24DD74-891E-4DD7-BE60-0CD61FE321B3}.Release|x64.ActiveCfg = Release|x64
		{AB24DD74-891E-4DD7-BE60-0CD61FE321B3}.Release|x64.Build.0 = Release|x64
		{AB24DD74-891E-4DD7-BE60-0CD61FE321B3}.Release|x86.ActiveCfg = Release|Win32
		{AB24DD74-891E-4DD7-BE60-0CD61FE321B3}.Release|x86.Build.0 = Release|Win32
		{81263C7E-C8B2-4C02-BE45-470DC6D57DA6}.Debug|x64.ActiveCfg = Debug|x64
		{81263C7E-C8B2-4C02-BE45-470DC6D57DA6}.Debug|x64.Build.0 = Debug|x64
		{81263C7E-C8B2-4C02-BE45-470DC6D57DA6}.Debug|x86.ActiveCfg = Debug|Win32
		{81263C7E-C8B2-4C02-BE45-470DC6D57DA6}.Debug|x86.Build.0 = Debug|Win32
		{81263C7E-C8B2-4C02-BE45-470DC6D57DA6}.Release|x64.ActiveCfg = Release|x64
		{81263C7E-C8B2-4C02-BE45-470DC6D57DA6}.Release|x64.Build.0 = Release|x64
		{81263C7E-C8B2-4C02-BE45-470DC6D57DA6}.Release|x86.ActiveCfg = Release|Win32
		{81263C7E-C8B2-4C02-BE45-470DC6D57DA6}.Release|x86.Build.0 = Release|Win32
		{1DE4D90B-B1A4-4AC6-8261-AF4E804C9D96}.Debug|x64.ActiveCfg = Debug|x64
		{1DE4D90B-B1A4-4AC6-8261-AF4E804C9D96}.Debug|x64.Build.0 = Debug|x64
		{1DE4D90B-B1A4-4AC6-8261-AF4E804C9D96}.Debug|x86.ActiveCfg = Debug|Win32
		{1DE4D90B-B1A4-4AC6-8261-AF4E804C9D96}.Debug|x86.Build.0 = Debug|Win32
		{1DE4D90B-B1A4-4AC6-8261-AF4E804C9D96}.Release|x64.ActiveCfg = Release|x64
		{1DE4D90B-B1A4-4AC6-8261-AF4E804C9D96}.Release|x64.Build.0 = Release|x64
		{1DE4D90B-B1A4-4AC6-8261-AF4E804C9D96}.Release|x86.ActiveCfg = Release|Win32
		{1DE4D90B-B1A4-4AC6-8261-AF4E804C9D96}.Release|x86.Build.0 = Release|Win32
		{A155A14C-A45A-4863-8E6A-E077280453BE}.Debug|x64.ActiveCfg = Debug|x64
		{A155A14C-A45A-4863-8E6A-E077280453BE}.Debug|x64.Build.0 = Debug|x64
		{A155A14C-A45A-4863-8E6A-E077280453BE}.Debug|x86.ActiveCfg = Debug|Win32
		{A155A14C-A45A-4863-8E6A-E077280453BE}.Debug|x86.Build.0 = Debug|Win32
		{A155A14C-A45A-4863-8E6A-E077280453BE}.Release|x64.ActiveCfg = Release|x64
		{A155A14C-A45A-4863-8E6A-E077280453BE}.Release|x64.Build.0 = Release|x64
		{A155A14C-A45A-4863-8E6A-E077280453BE}.Release|x86.ActiveCfg = Release|Win32
		{A155A14C-A45A-4863-8E6A-E077280453BE}.Release|x86.Build.0 = Release|Win32
		{229C4B4F-05B8-4208-98C2-78F8506E389D}.Debug|x64.ActiveCfg = Debug|x64
		{229C4B4F-05B8-4208-98C2-78F8506E389D}.Debug|x64.Build.0 = Debug|x64
		{229C4B4F-05B8-4208-98C2-78F8506E389D}.Debug|x86.ActiveCfg = Debug|Win32
		{229C4B4F-05B8-4208-98C2-78F8506E389D}.Debug|x86.Build.0 = Debug|Win32
		{229C4B4F-05B8-4208-98C2-78F8506E389D}.Release|x64.ActiveCfg = Release|x64
		{229C4B4F-05B8-4208-98C2-78F8506E389D}.Release|x64.Build.0 = Release|x64
		{229C4B4F-05B8-4208-98C2-78F8506E389D}.Release|x86.ActiveCfg = Release|Win32
		{229C4B4F-05B8-4208-98C2-78F8506E389D}.Release|x86.Build.0 = Release|Win32
		{FC8BD235-61DD-4D82-B0E6-B92569E3444F}.Debug|x64.ActiveCfg = Debug|x64
		{FC8BD235-61DD-4D82-B0E6-B92569E3444F}.Debug|x64.Build.0 = Debug|x64
		{FC8BD235-61DD-4D82-B0E6-B92569E3444F}.Debug|x86.ActiveCfg = Debug|Win32
		{FC8BD235-61DD-4D82-B0E6-B92569E3444F}.Debug|x86.Build.0 = Debug|Win32
		{FC8BD235-61DD-4D82-B0E6-B92569E3444F}.Release|x64.ActiveCfg = Release|x64
		{FC8BD235-61DD-4D82-B0E6-B92569E3444F}.Release|x64.Build.0 = Release|x64
		{FC8BD235-61DD-4D82-B0E6-B92569E3444F}.Release|x86.ActiveCfg = Release|Win32
		{FC8BD235-61DD-4D82-B0E6-B92569E3444F}.Release|x86.Build.0 = Release|Win32
		{565555C0-FC94-45AA-8DF1-9E653AA276EB}.Debug|x64.ActiveCfg = Debug|x64
		{565555C0-FC94-45AA-8DF1-9E653AA276EB}.Debug|x64.Build.0 = Debug|x64
		{565555C0-FC94-45AA-8DF1-9E653AA276EB}.Debug|x86.ActiveCfg = Debug|Win32
		{565555C0-FC94-45AA-8DF1-9E653AA276EB}.Debug|x86.Build.0 = Debug|Win32
		{565555C0-FC94-45AA-8DF1-9E653AA276EB}.Release|x64.ActiveCfg = Release|x64
		{565555C0-FC94-45AA-8DF1-9E653AA276EB}.Release|x64.Build.0 = Release|x64
		{565555C0-FC94-45AA-8DF1-9E653AA276EB}.Release|x86.ActiveCfg = Release|Win32
		{565555C0-FC94-45AA-8DF1-9E653AA276EB}.Release|x86.Build.0 = Release|Win32
		{61D1FF6A-24FE-4711-BBE8-28E2F913C120}.Debug|x64.ActiveCfg = Debug|x64
		{61D1FF6A-24FE-4711-BBE8-28E2F913C120}.Debug|x64.Build.0 = Debug|x64
		{61D1FF6A-24FE-4711-BBE8-28E2F913C120}.Debug|x86.ActiveCfg = Debug|Win32
		{61D1FF6A-24FE-4711-BBE8-28E2F913C120}.Debug|x86.Build.0 = Debug|Win32
		{61D1FF6A-24FE-4711-BBE8-28E2F913C120}.Release|x64.ActiveCfg = Release|x64
		{61D1FF6A-24FE-4711-BBE8-28E2F913C120}.Release|x64.Build.0 = Release|x64
		{61D1FF6A-24FE-4711-BBE8-28E2F913C120}.Release|x86.ActiveCfg = Release|Win32
		{61D1FF6A-24FE-4711-BBE8-28E2F913C120}.Release|x86.Build.0 = Release|Win32
		{27134363-F97F-4759-BB90-CF5AE7103311}.Debug|x64.ActiveCfg = Debug|x64
		{27134363-F97F-4759-BB90-CF5AE7103311}.Debug|x64.Build.0 = Debug|x64
		{27134363-F97F-4759-BB90-CF5AE7103311}.Debug|x86.ActiveCfg = Debug|Win32
		{27134363-F97F-4759-BB90-CF5AE7103311}.Debug|x86.Build.0 = Debug|Win32
		{27134363-F97F-4759-BB90-CF5AE7103311}.Release|x64.ActiveCfg = Release|x64
		{27134363-F97F-4759-BB90-CF5AE7103311}.Release|x64.Build.0 = Release|x64
		{27134363-F97F-4759-BB90-CF5AE7103311}.Release|x86.ActiveCfg = Release|Win32
		{27134363-F97F-4759-BB90-CF5AE7103311}.Release|x86.Build.0 = Release|Win32
		{92DF66C8-8E93-4932-AA5B-DF8EF1FA4E58}.Debug|x64.ActiveCfg = Debug|x64
		{92DF66C8-8E93-4932-AA5B-DF8EF1FA4E58}.Debug|x64.Build.0 = Debug|x64
		{92DF66C8-8E93-4932-AA5B-DF8EF1FA4E58}.Debug|x86.ActiveCfg = Debug|Win32
		{92DF66C8-8E93-4932-AA5B-DF8EF1FA4E58}.Debug|x86.Build.0 = Debug|Win32
		{92DF66C8-8E93-4932-AA5B-DF8EF1FA4E58}.Release|x64.ActiveCfg = Release|x64
		{92DF66C8-8E93-4932-AA5B-DF8EF1FA4E58}.Release|x64.Build.0 = Release|x64
		{92DF66C8-8E93-4932-AA5B-DF8EF1FA4E58}.Release|x86.ActiveCfg = Release|Win32
		{92DF66C8-8E93-4932-AA5B-DF8EF1FA4E58}.Release|x86.Build.0 = Release|Win32
		{A6BFB6F0-26F1-4BB5-90CB-6DA3D36202F8}.Debug|x64.ActiveCfg = Debug|x64
		{A6BFB6F0-26F1-4BB5-90CB-6DA3D36202F8}.Debug|x64.Build.0 = Debug|x64
		{A6BFB6F0-26F1-4BB5-90CB-6DA3D36202F8}.Debug|x86.ActiveCfg = Debug|Win32
		{A6BFB6F0-26F1-4BB5-90CB-6DA3D36202F8}.Debug|x86.Build.0 = Debug|Win32
		{A6BFB6F0-26F1-4BB5-90CB-6DA3D36202F8}.Release|x64.ActiveCfg = Release|x64
		{A6BFB6F0-26F1-4BB5-90CB-6DA3D36202F8}.Release|x64.Build.0 = Release|x64
		{A6BFB6F0-26F1-4BB5-90CB-6DA3D36202F8}.Release|x86.ActiveCfg = Release|Win32
		{A6BFB6F0-26F1-4BB5-90CB-6DA3D36202F8}.Release|x86.Build.0 = Release|Win32
		{93293E18-9569-4BB1-8D7F-EDFF6C1E1D6C}.Debug|x64.ActiveCfg = Debug|x64
		{93293E18-9569-4BB1-8D7F-EDFF6C1E1D6C}.Debug|x64.Build.0 = Debug|x64
		{93293E18-9569-4BB1-8D7F-EDFF6C1E1D6C}.Debug|x86.ActiveCfg = Debug|Win32
		{93293E18-9569-4BB1-8D7F-EDFF6C1E1D6C}.Debug|x86.Build.0 = Debug|Win32
		{93293E18-9569-4BB1-8D7F-EDFF6C1E1D6C}.Release|x64.ActiveCfg = Release|x64
		{93293E18-9569-4BB1-8D7F-EDFF6C1E1D6C}.Release|x64.Build.0 = Release|x64
		{93293E18-9569-4BB1-8D7F-EDFF6C1E1D6C}.Release|x86.ActiveCfg = Release|Win32
		{93293E18-9569-4BB1-8D7F-EDFF6C1E1D6C}.Release|x86.Build.0 = Release|Win32
		{3606FAB0-8369-4986-90EA-988D92FEBD1C}.Debug|x64.ActiveCfg = Debug|x64
		{3606FAB0-8369-4986-90EA-988D92FEBD1C}.Debug|x64.Build.0 = Debug|x64
		{3606FAB0-8369-4986-90EA-988D92FEBD1C}.Debug|x86.ActiveCfg = Debug|Win32
		{3606FAB0-8369-4986-90EA-988D92FEBD1C}.Debug|x86.Build.0 = Debug|Win32
		{3606FAB0-8369-4986-90EA-988D92FEBD1C}.Release|x64.ActiveCfg = Release|x64
		{3606FAB0-8369-4986-90EA-988D92FEBD1C}.Release|x64.Build.0 = Release|x64
		{3606FAB0-8369-4986-90EA-988D92FEBD1C}.Release|x86.ActiveCfg = Release|Win32
		{3606FAB0-8369-4986-90EA-988D92FEBD1C}.Release|x86.Build.0 = Release|Win32
		{FD7EE854-DBB9-460B-996F-840B81807A2D}.Debug|x64.ActiveCfg = Debug|x64
		{FD7EE854-DBB9-460B-996F-840B81807A2D}.Debug|x64.Build.0 = Debug|x64
		{FD7EE854-DBB9-460B-996F-840B81807A2D}.Debug|x86.ActiveCfg = Debug|Win32
		{FD7EE854-DBB9-460B-996F-840B81807A2D}.Debug|x86.Build.0 = Debug|Win32
		{FD7EE854-DBB9-460B-996F-840B81807A2D}.Release|x64.ActiveCfg = Release|x64
		{FD7EE854-DBB9-460B-996F-840B81807A2D}.Release|x64.Build.0 = Release|x64
		{FD7EE854-DBB9-460B-996F-840B81807A2D}.Release|x86.ActiveCfg = Release|Win32
		{FD7EE854-DBB9-460B-996F-840B81807A2D}.Release|x86.Build.0 = Release|Win32
		{8506F71F-B919-4779-806E-58BEBD9680A0}.Debug|x64.ActiveCfg = Debug|x64
		{8506F71F-B919-4779-806E-58BEBD9680A0}.Debug|x64.Build.0 = Debug|x64
		{8506F71F-B919-4779-806E-58BEBD9680A0}.Debug|x86.ActiveCfg = Debug|Win32
		{8506F71F-B919-4779-806E-58BEBD9680A0}.Debug|x86.Build.0 = Debug|Win32
		{8506F71F-B919-4779-806E-58BEBD9680A0}.Release|x64.ActiveCfg = Release|x64
		{8506F71F-B919-4779-806E-58BEBD9680A0}.Release|x64.Build.0 = Release|x64
		{8506F71F-B919-4779-806E-58BEBD9680A0}.Release|x86.ActiveCfg = Release|Win32
		{8506F71F-B919-4779-806E-58BEBD9680A0}.Release|x86.Build.0 = Release|Win32
		{B3436AE0-601C-466B-A9A8-6F23BC8DF002}.Debug|x64.ActiveCfg = Debug|x64
		{B3436AE0-601C-466B-A9A8-6F23BC8DF002}.Debug|x64.Build.0 = Debug|x64
		{B3436AE0-601C-466B-A9A8-6F23BC8DF002}.Debug|x86.ActiveCfg = Debug|Win32
		{B3436AE0-601C-466B-A9A8-6F23BC8DF002}.Debug|x86.Build.0 = Debug|Win32
		{B3436AE0-601C-466B-A9A8-6F23BC8DF002}.Release|x64.ActiveCfg = Release|x64
		{B3436AE0-601C-466B-A9A8-6F23BC8DF002}.Release|x64.Build.0 = Release|x64
		{B3436AE0-601C-466B-A9A8-6F23BC8DF002}.Release|x86.ActiveCfg = Release|Win32
		{B3436AE0-601C-466B-A9A8-6F23BC8DF002}.Release|x86.Build.0 = Release|Win32
		{C0CA4484-C88B-4523-8784-B510FFACF2D6}.Debug|x64.ActiveCfg = Debug|x64
		{C0CA4484-C88B-4523-8784-B510FFACF2D6}.Debug|x64.Build.0 = Debug|x64
		{C0CA4484-C88B-4523-8784-B510FFACF2D6}.Debug|x86.ActiveCfg = Debug|Win32
		{C0CA4484-C88B-4523-8784-B510FFACF2D6}.Debug|x86.Build.0 = Debug|Win32
		{C0CA4484-C88B-4523-8784-B510FFACF2D6}.Release|x64.ActiveCfg = Release|x64
		{C0CA4484-C88B-4523-8784-B510FFACF2D6}.Release|x64.Build.0 = Release|x64
		{C0CA4484-C88B-4523-8784-B510FFACF2D6}.Release|x86.ActiveCfg = Release|Win32
		{C0CA4484-C88B-4523-8784-B510FFACF2D6}.Release|x86.Build.0 = Release|Win32
		{DEDD31E1-DBC7-44A7-B4A5-10A1D1D99AA1}.Debug|x64.ActiveCfg = Debug|x64
		{DEDD31E1-DBC7-44A7-B4A5-10A1D1D99AA1}.Debug|x64.Build.0 = Debug|x64
		{DEDD31E1-DBC7-44A7-B4A5-10A1D1D99AA1}.Debug|x86.ActiveCfg = Debug|Win32
		{DEDD31E1-DBC7-44A7-B4A5-10A1D1D99AA1}.Debug|x86.Build.0 = Debug|Win32
		{DEDD31E1-DBC7-44A7-B4A5-10A1D1D99AA1}.Release|x64.ActiveCfg = Release|x64
		{DEDD31E1-DBC7-44A7-B4A5-10A1D1D99AA1}.Release|x64.Build.0 = Release|x64
		{DEDD31E1-DBC7-44A7-B4A5-10A1D1D99AA1}.Release|x86.ActiveCfg = Release|Win32
		{DEDD31E1-DBC7-44A7-B4A5-10A1D1D99AA1}.Release|x86.Build.0 = Release|Win32
		{022B0E30-FC22-4F40-B72D-3A02ACE4A4BF}.Debug|x64.ActiveCfg = Debug|x64
		{022B0E30-FC22-4F40-B72D-3A02ACE4A4BF}.Debug|x64.Build.0 = Debug|x64
		{022B0E30-FC22-4F40-B72D-3A02ACE4A4BF}.Debug|x86.ActiveCfg = Debug|Win32
		{022B0E30-FC22-4F40-B72D-3A02ACE4A4BF}.Debug|x86.Build.0 = Debug|Win32
		{022B0E30-FC22-4F40-B72D-3A02ACE4A4BF}.Release|x64.ActiveCfg = Release|x64
		{022B0E30-FC22-4F40-B72D-3A02ACE4A4BF}.Release|x64.Build.0 = Release|x64
		{022B0E30-FC22-4F40-B72D-3A02ACE4A4BF}.Release|x86.ActiveCfg = Release|Win32
		{022B0E30-FC22-4F40-B72D-3A02ACE4A4BF}.Release|x86.Build.0 = Release|Win32
		{88460B64-59AF-4FC5-9E0A-ECAE8C1D8D67}.Debug|x64.ActiveCfg = Debug|x64
		{88460B64-59AF-4FC5-9E0A-ECAE8C1D8D67}.Debug|x64.Build.0 = Debug|x64
		{88460B64-59AF-4FC5-9E0A-ECAE8C1D8D67}.Debug|x86.ActiveCfg = Debug|Win32
		{88460B64-59AF-4FC5-9E0A-ECAE8C1D8D67}.Debug|x86.Build.0 = Debug|Win32
		{88460B64-59AF-4FC5-9E0A-ECAE8C1D8D67}.Release|x64.ActiveCfg = Release|x64
		{88460B64-59AF-4FC5-9E0A-ECAE8C1D8D67}.Release|x64.Build.0 = Release|x64
		{88460B64-59AF-4FC5-9E0A-ECAE8C1D8D67}.Release|x86.ActiveCfg = Release|Win32
		{88460B64-59AF-4FC5-9E0A-ECAE8C1D8D67}.Release|x86.Build.0 = Release|Win32
		{F1663097-87F8-489E-B262-E4B639745449}.Debug|x64.ActiveCfg = Debug|x64
		{F1663097-87F8-489E-B262-E4B639745449}.Debug|x64.Build.0 = Debug|x64
		{F1663097-87F8-489E-B262-E4B639745449}.Debug|x86.ActiveCfg = Debug|Win32
		{F1663097-87F8-489E-B262-E4B639745449}.Debug|x86.Build.0 = Debug|Win32
		{F1663097-87F8-489E-B262-E4B639745449}.Release|x64.ActiveCfg = Release|x64
		{F1663097-87F8-489E-B262-E4B639745449}.Release|x64.Build.0 = Release|x64
		{F1663097-87F8-489E-B262-E4B639745449}.Release|x86.ActiveCfg = Release|Win32
		{F1663097-87F8-489E-B262-E4B639745449}.Release|x86.Build.0 = Release|Win32
		{C92B8C4A-148A-449E-AAA9-ABD5419A2F59}.Debug|x64.ActiveCfg = Debug|x64
		{C92B8C4A-148A-449E-AAA9-ABD5419A2F59}.Debug|x64.Build.0 = Debug|x64
		{C92B8C4A-148A-449E-AAA9-ABD5419A2F59}.Debug|x86.ActiveCfg = Debug|Win32
		{C92B8C4A-148A-449E-AAA9-ABD5419A2F59}.Debug|x86.Build.0 = Debug|Win32
		{C92B8C4A-148A-449E-AAA9-ABD5419A2F59}.Release|x64.ActiveCfg = Release|x64
		{C92B8C4A-148A-449E-AAA9-ABD5419A2F59}.Release|x64.Build.0 = Release|x64
		{C92B8C4A-148A-449E-AAA9-ABD5419A2F59}.Release|x86.ActiveCfg = Release|Win32
		{C92B8C4A-148A-449E-AAA9-ABD5419A2F59}.Release|x86.Build.0 = Release|Win32
		{C5D4CF86-69E9-4531-83F5-E6308BB30568}.Debug|x64.ActiveCfg = Debug|x64
		{C5D4CF86-69E9-4531-83F5-E6308BB30568}.Debug|x64.Build.0 = Debug|x64
		{C5D4CF86-69E9-4531-83F5-E6308BB30568}.Debug|x86.ActiveCfg = Debug|Win32
		{C5D4CF86-69E9-4531-83F5-E6308BB30568}.Debug|x86.Build.0 = Debug|Win32
		{C5D4CF86-69E9-4531-83F5-E6308BB30568}.Release|x64.ActiveCfg = Release|x64
		{C5D4CF86-69E9-4531-83F5-E6308BB30568}.Release|x64.Build.0 = Release|x64
		{C5D4CF86-69E9-4531-83F5-E6308BB30568}.Release|x86.ActiveCfg = Release|Win32
		{C5D4CF86-69E9-4531-83F5-E6308BB30568}.Release|x86.Build.0 = Release|Win32
		{0C8F60F9-7488-4243-BF5E-7349A4F723B7}.Debug|x64.ActiveCfg = Debug|x64
		{0C8F60F9-7488-4243-BF5E-7349A4F723B7}.Debug|x64.Build.0 = Debug|x64
		{0C8F60F9-7488-4243-BF5E-7349A4F723B7}.Debug|x86.ActiveCfg = Debug|Win32
		{0C8F60F9-7488-4243-BF5E-7349A4F723B7}.Debug|x86.Build.0 = Debug|Win32
		{0C8F60F9-7488-4243-BF5E-7349A4F723B7}.Release|x64.ActiveCfg = Release|x64
		{0C8F60F9-7488-4243-BF5E-7349A4F723B7}.Release|x64.Build.0 = Release|x64
		{0C8F60F9-7488-4243-BF5E-7349A4F723B7}.Release|x86.ActiveCfg = Release|Win32
		{0C8F60F9-7488-4243-BF5E-7349A4F723B7}.Release|x86.Build.0 = Release|Win32
		{13A81366-F193-476C-AC30-5ABB852E094C}.Debug|x64.ActiveCfg = Debug|x64
		{13A81366-F193-476C-AC30-5ABB852E094C}.Debug|x64.Build.0 = Debug|x64
		{13A81366-F193-476C-AC30-5ABB852E094C}.Debug|x86.ActiveCfg = Debug|Win32
		{13A81366-F193-476C-AC30-5ABB852E094C}.Debug|x86.Build.0 = Debug|Win32
		{13A81366-F193-476C-AC30-5ABB852E094C}.Release|x64.ActiveCfg = Release|x64
		{13A81366-F193-476C-AC30-5ABB852E094C}.Release|x64.Build.0 = Release|x64
		{13A81366-F193-476C-AC30-5ABB852E094C}.Release|x86.ActiveCfg = Release|Win32
		{13A81366-F193-476C-AC30-5ABB852E094C}.Release|x86.Build.0 = Release|Win32
		{C98ED81F-C386-40B5-AEBE-204E51871171}.Debug|x64.ActiveCfg = Debug|x64
		{C98ED81F-C386-40B5-AEBE-204E51871171}.Debug|x64.Build.0 = Debug|x64
		{C98ED81F-C386-40B5-AEBE-204E51871171}.Debug|x86.ActiveCfg = Debug|Win32
		{C98ED81F-C386-40B5-AEBE-204E51871171}.Debug|x86.Build.0 = Debug|Win32
		{C98ED81F-C386-40B5-AEBE-204E51871171}.Release|x64.ActiveCfg = Release|x64
		{C98ED81F-C386-40B5-AEBE-204E51871171}.Release|x64.Build.0 = Release|x64
		{C98ED81F-C386-40B5-AEBE-204E51871171}.Release|x86.ActiveCfg = Release|Win32
		{C98ED81F-C386-40B5-AEBE-204E51871171}.Release|x86.Build.0 = Release|Win32
		{69ED4FA3-7E98-43F2-AD4F-7C1DEE950FB7}.Debug|x64.ActiveCfg = Debug|x64
		{69ED4FA3-7E98-43F2-AD4F-7C1DEE950FB7}.Debug|x64.Build.0 = Debug|x64
		{69ED4FA3-7E98-43F2-AD4F-7C1DEE950FB7}.Debug|x86.ActiveCfg = Debug|Win32
		{69ED4FA3-7E98-43F2-AD4F-7C1DEE950FB7}.Debug|x86.Build.0 = Debug|Win32
		{69ED4FA3-7E98-43F2-AD4F-7C1DEE950FB7}.Release|x64.ActiveCfg = Release|x64
		{69ED4FA3-7E98-43F2-AD4F-7C1DEE950FB7}.Release|x64.Build.0 = Release|x64
		{69ED4FA3-7E98-43F2-AD4F-7C1DEE950FB7}.Release|x86.ActiveCfg = Release|Win32
		{69ED4FA3-7E98-43F2-AD4F-7C1DEE950FB7}.Release|x86.Build.0 = Release|Win32
		{A6FF7DA6-F4FE-4776-AAE3-C919CEF6AA56}.Debug|x64.ActiveCfg = Debug|x64
		{A6FF7DA6-F4FE-4776-AAE3-C919CEF6AA56}.Debug|x64.Build.0 = Debug|x64
		{A6FF7DA6-F4FE-4776-AAE3-C919CEF6AA56}.Debug|x86.ActiveCfg = Debug|Win32
		{A6FF7DA6-F4FE-4776-AAE3-C919CEF6AA56}.Debug|x86.Build.0 = Debug|Win32
		{A6FF7DA6-F4FE-4776-AAE3-C919CEF6AA56}.Release|x64.ActiveCfg = Release|x64
		{A6FF7DA6-F4FE-4776-AAE3-C919CEF6AA56}.Release|x64.Build.0 = Release|x64
		{A6FF7DA6-F4FE-4776-AAE3-C919CEF6AA56}.Release|x86.ActiveCfg = Release|Win32
		{A6FF7DA6-F4FE-4776-AAE3-C919CEF6AA56}.Release|x86.Build.0 = Release|Win32
		{535AAAEC-A1AB-4727-B4CD-C0A96DDE9128}.Debug|x64.ActiveCfg = Debug|x64
		{535AAAEC-A1AB-4727-B4CD-C0A96DDE9128}.Debug|x64.Build.0 = Debug|x64
		{535AAAEC-A1AB-4727-B4CD-C0A96DDE9128}.Debug|x86.ActiveCfg = Debug|Win32
		{535AAAEC-A1AB-4727-B4CD-C0A96DDE9128}.Debug|x86.Build.0 = Debug|Win32
		{535AAAEC-A1AB-4727-B4CD-C0A96DDE9128}.Release|x64.ActiveCfg = Release|x64
		{535AAAEC-A1AB-4727-B4CD-C0A96DDE9128}.Release|x64.Build.0 = Release|x64
		{535AAAEC-A1AB-4727-B4CD-C0A96DDE9128}.Release|x86.ActiveCfg = Release|Win32
		{535AAAEC-A1AB-4727-B4CD-C0A96DDE9128}.Release|x86.Build.0 = Release|Win32
		{A5E13029-5E20-4660-8677-D9E3DF9F86F2}.Debug|x64.ActiveCfg = Debug|x64
		{A5E13029-5E20-4660-8677-D9E3DF9F86F2}.Debug|x64.Build.0 = Debug|x64
		{A5E13029-5E20-4660-8677-D9E3DF9F86F2}.Debug|x86.ActiveCfg = Debug|Win32
		{A5E13029-5E20-4660-8677-D9E3DF9F86F2}.Debug|x86.Build.0 = Debug|Win32
		{A5E13029-5E20-4660-8677-D9E3DF9F86F2}.Release|x64.ActiveCfg = Release|x64
		{A5E13029-5E20-4660-8677-D9E3DF9F86F2}.Release|x64.Build.0 = Release|x64
		{A5E13029-5E20-4660-8677-D9E3DF9F86F2}.Release|x86.ActiveCfg = Release|Win32
		{A5E13029-5E20-4660-8677-D9E3DF9F86F2}.Release|x86.Build.0 = Release|Win32
		{EFEB68D9-4477-41C6-B79C-77344BAD4355}.Debug|x64.ActiveCfg = Debug|x64
		{EFEB68D9-4477-41C6-B79C-77344BAD4355}.Debug|x64.Build.0 = Debug|x64
		{EFEB68D9-4477-41C6-B79C-77344BAD4355}.Debug|x86.ActiveCfg = Debug|Win32
		{EFEB68D9-4477-41C6-B79C-77344BAD4355}.Debug|x86.Build.0 = Debug|Win32
		{EFEB68D9-4477-41C6-B79C-77344BAD4355}.Release|x64.ActiveCfg = Release|x64
		{EFEB68D9-4477-41C6-B79C-77344BAD4355}.Release|x64.Build.0 = Release|x64
		{EFEB68D9-4477-41C6-B79C-77344BAD4355}.Release|x86.ActiveCfg = Release|Win32
		{EFEB68D9-4477-41C6-B79C-77344BAD4355}.Release|x86.Build.0 = Release|Win32
		{FCB5283E-F81D-4D79-AB10-8F96A258AF6A}.Debug|x64.ActiveCfg = Debug|x64
		{FCB5283E-F81D-4D79-AB10-8F96A258AF6A}.Debug|x64.Build.0 = Debug|x64
		{FCB5283E-F81D-4D79-AB10-8F96A258AF6A}.Debug|x86.ActiveCfg = Debug|Win32
		{FCB5283E-F81D-4D79-AB10-8F96A258AF6A}.Debug|x86.Build.0 = Debug|Win32
		{FCB5283E-F81D-4D79-AB10-8F96A258AF6A}.Release|x64.ActiveCfg = Release|x64
		{FCB5283E-F81D-4D79-AB10-8F96A258AF6A}.Release|x64.Build.0 = Release|x64
		{FCB5283E-F81D-4D79-AB10-8F96A258AF6A}.Release|x86.ActiveCfg = Release|Win32
		{FCB5283E-F81D-4D79-AB10-8F96A258AF6A}.Release|x86.Build.0 = Release|Win32
		{F44B0274-BCF6-4BB6-AE0E-41AAF11838A3}.Debug|x64.ActiveCfg = Debug|x64
		{F44B0274-BCF6-4BB6-AE0E-41AAF11838A3}.Debug|x64.Build.0 = Debug|x64
		{F44B0274-BCF6-4BB6-AE0E-41AAF11838A3}.Debug|x86.ActiveCfg = Debug|Win32
		{F44B0274-BCF6-4BB6-AE0E-41AAF11838A3}.Debug|x86.Build.0 = Debug|Win32
		{F44B0274-BCF6-4BB6-AE0E-41AAF11838A3}.Release|x64.ActiveCfg = Release|x64
		{F44B0274-BCF6-4BB6-AE0E-41AAF11838A3}.Release|x64.Build.0 = Release|x64
		{F44B0274-BCF6-4BB6-AE0E-41AAF11838A3}.Release|x86.ActiveCfg = Release|Win32
		{F44B0274-BCF6-4BB6-AE0E-41AAF11838A3}.Release|x86.Build.0 = Release|Win32
		{00059119-778E-4B58-813D-096B6C696A2A}.Debug|x64.ActiveCfg = Debug|x64
		{00059119-778E-4B58-813D-096B6C696A2A}.Debug|x64.Build.0 = Debug|x64
		{00059119-778E-4B58-813D-096B6C696A2A}.Debug|x86.ActiveCfg = Debug|Win32
		{00059119-778E-4B58-813D-096B6C696A2A}.Debug|x86.Build.0 = Debug|Win32
		{00059119-778E-4B58-813D-096B6C696A2A}.Release|x64.ActiveCfg = Release|x64
		{00059119-778E-4B58-813D-096B6C696A2A}.Release|x64.Build.0 = Release|x64
		{00059119-778E-4B58-813D-096B6C696A2A}.Release|x86.ActiveCfg = Release|Win32
		{00059119-778E-4B58-813D-096B6C696A2A}.Release|x86.Build.0 = Release|Win32
		{A6E87D6F-208E-499F-B13C-1CB98CFFA294}.Debug|x64.ActiveCfg = Debug|x64
		{A6E87D6F-208E-499F-B13C-1CB98CFFA294}.Debug|x64.Build.0 = Debug|x64
		{A6E87D6F-208E-499F-B13C-1CB98CFFA294}.Debug|x86.ActiveCfg = Debug|Win32
		{A6E87D6F-208E-499F-B13C-1CB98CFFA294}.Debug|x86.Build.0 = Debug|Win32
		{A6E87D6F-208E-499F-B13C-1CB98CFFA294}.Release|x64.ActiveCfg = Release|x64
		{A6E87D6F-208E-499F-B13C-1CB98CFFA294}.Release|x64.Build.0 = Release|x64
		{A6E87D6F-208E-499F-B13C-1CB98CFFA294}.Release|x86.ActiveCfg = Release|Win32
		{A6E87D6F-208E-499F-B13C-1CB98CFFA294}.Release|x86.Build.0 = Release|Win32
		{11823275-5CB2-445A-8228-614CC3864D51}.Debug|x64.ActiveCfg = Debug|x64
		{11823275-5CB2-445A-8228-614CC3864D51}.Debug|x64.Build.0 = Debug|x64
		{11823275-5CB2-445A-8228-614CC3864D51}.Debug|x86.ActiveCfg = Debug|Win32
		{11823275-5CB2-445A-8228-614CC3864D51}.Debug|x86.Build.0 = Debug|Win32
		{11823275-5CB2-445A-8228-614CC3864D51}.Release|x64.ActiveCfg = Release|x64
		{11823275-5CB2-445A-8228-614CC3864D51}.Release|x64.Build.0 = Release|x64
		{11823275-5CB2-445A-8228-614CC3864D51}.Release|x86.ActiveCfg = Release|Win32
		{11823275-5CB2-445A-8228-614CC3864D51}.Release|x86.Build.0 = Release|Win32
		{B6D67091-5B05-49A4-A012-0ED4A7666562}.Debug|x64.ActiveCfg = Debug|x64
		{B6D67091-5B05-49A4-A012-0ED4A7666562}.Debug|x64.Build.0 = Debug|x64
		{B6D67091-5B05-49A4-A012-0ED4A7666562}.Debug|x86.ActiveCfg = Debug|Win32
		{B6D67091-5B05-49A4-A012-0ED4A7666562}.Debug|x86.Build.0 = Debug|Win32
		{B6D67091-5B05-49A4-A012-0ED4A7666562}.Release|x64.ActiveCfg = Release|x64
		{B6D67091-5B05-49A4-A012-0ED4A7666562}.Release|x64.Build.0 = Release|x64
		{B6D67091-5B05-49A4-A012-0ED4A7666562}.Release|x86.ActiveCfg = Release|Win32
		{B6D67091-5B05-49A4-A012-0ED4A7666562}.Release|x86.Build.0 = Release|Win32
		{FBDEEAE1-711F-4FBD-B089-EDA6CFD50685}.Debug|x64.ActiveCfg = Debug|x64
		{FBDEEAE1-711F-4FBD-B089-EDA6CFD50685}.Debug|x64.Build.0 = Debug|x64
		{FBDEEAE1-711F-4FBD-B089-EDA6CFD50685}.Debug|x86.ActiveCfg = Debug|Win32
		{FBDEEAE1-711F-4FBD-B089-EDA6CFD50685}.Debug|x86.Build.0 = Debug|Win32
		{FBDEEAE1-711F-4FBD-B089-EDA6CFD50685}.Release|x64.ActiveCfg = Release|x64
		{FBDEEAE1-711F-4FBD-B089-EDA6CFD50685}.Release|x64.Build.0 = Release|x64
		{FBDEEAE1-711F-4FBD-B089-EDA6CFD50685}.Release|x86.ActiveCfg = Release|Win32
		{FBDEEAE1-711F-4FBD-B089-EDA6CFD50685}.Release|x86.Build.0 = Release|Win32
		{5FA8CD0C-DADE-4D89-94DF-F02D96AE82F8}.Debug|x64.ActiveCfg = Debug|x64
		{5FA8CD0C-DADE-4D89-94DF-F02D96AE82F8}.Debug|x64.Build.0 = Debug|x64
		{5FA8CD0C-DADE-4D89-94DF-F02D96AE82F8}.Debug|x86.ActiveCfg = Debug|Win32
		{5FA8CD0C-DADE-4D89-94DF-F02D96AE82F8}.Debug|x86.Build.0 = Debug|Win32
		{5FA8CD0C-DADE-4D89-94DF-F02D96AE82F8}.Release|x64.ActiveCfg = Release|x64
		{5FA8CD0C-DADE-4D89-94DF-F02D96AE82F8}.Release|x64.Build.0 = Release|x64
		{5FA8CD0C-DADE-4D89-94DF-F02D96AE82F8}.Release|x86.ActiveCfg = Release|Win32
		{5FA8CD0C-DADE-4D89-94DF-F02D96AE82F8}.Release|x86.Build.0 = Release|Win32
		{0B1547EB-F8D7-4989-9F03-7821BE007ACC}.Debug|x64.ActiveCfg = Debug|x64
		{0B1547EB-F8D7-4989-9F03-7821BE007ACC}.Debug|x64.Build.0 = Debug|x64
		{0B1547EB-F8D7-4989-9F03-7821BE007ACC}.Debug|x86.ActiveCfg = Debug|Win32
		{0B1547EB-F8D7-4989-9F03-7821BE007ACC}.Debug|x86.Build.0 = Debug|Win32
		{0B1547EB-F8D7-4989-9F03-7821BE007ACC}.Release|x64.ActiveCfg = Release|x64
		{0B1547EB-F8D7-4989-9F03-7821BE007ACC}.Release|x64.Build.0 = Release|x64
		{0B1547EB-F8D7-4989-9F03-7821BE007ACC}.Release|x86.ActiveCfg = Release|Win32
		{0B1547EB-F8D7-4989-9F03-7821BE007ACC}.Release|x86.Build.0 = Release|Win32
		{8A8BB5A9-6F71-4FD2-9C82-65C608F9F585}.Debug|x64.ActiveCfg = Debug|x64
		{8A8BB5A9-6F71-4FD2-9C82-65C608F9F585}.Debug|x64.Build.0 = Debug|x64
		{8A8BB5A9-6F71-4FD2-9C82-65C608F9F585}.Debug|x86.ActiveCfg = Debug|Win32
		{8A8BB5A9-6F71-4FD2-9C82-65C608F9F585}.Debug|x86.Build.0 = Debug|Win32
		{8A8BB5A9-6F71-4FD2-9C82-65C608F9F585}.Release|x64.ActiveCfg = Release|x64
		{8A8BB5A9-6F71-4FD2-9C82-65C608F9F585}.Release|x64.Build.0 = Release|x64
		{8A8BB5A9-6F71-4FD2-9C82-65C608F9F585}.Release|x86.ActiveCfg = Release|Win32
		{8A8BB5A9-6F71-4FD2-9C82-65C608F9F585}.Release|x86.Build.0 = Release|Win32
		{3890135C-04B7-42C6-8263-7CC02A2B2925}.Debug|x64.ActiveCfg = Debug|x64
		{3890135C-04B7-42C6-8263-7CC02A2B2925}.Debug|x64.Build.0 = Debug|x64
		{3890135C-04B7-42C6-8263-7CC02A2B2925}.Debug|x86.ActiveCfg = Debug|Win32
		{3890135C-04B7-42C6-8263-7CC02A2B2925}.Debug|x86.Build.0 = Debug|Win32
		{3890135C-04B7-42C6-8263-7CC02A2B2925}.Release|x64.ActiveCfg = Release|x64
		{3890135C-04B7-42C6-8263-7CC02A2B2925}.Release|x64.Build.0 = Release|x64
		{3890135C-04B7-42C6-8263-7CC02A2B2925}.Release|x86.ActiveCfg = Release|Win32
		{3890135C-04B7-42C6-8263-7CC02A2B2925}.Release|x86.Build.0 = Release|Win32
	EndGlobalSection
	GlobalSection(SolutionProperties) = preSolution
		HideSolutionNode = FALSE
	EndGlobalSection
EndGlobal
