
Microsoft Visual Studio Solution File, Format Version 12.00
# Visual Studio 14
VisualStudioVersion = 14.0.25420.1
MinimumVisualStudioVersion = 10.0.40219.1
Project("{8BC9CEB8-8B4A-11D0-8D11-00A0C91BC942}") = "图的邻接矩阵表示法", "Project1\Project1.vcxproj", "{D252AAA4-DA54-40D5-835F-ADC46E8EBC05}"
EndProject
Project("{8BC9CEB8-8B4A-11D0-8D11-00A0C91BC942}") = "图的邻接表表示", "图的邻接表表示\图的邻接表表示.vcxproj", "{84D806CD-0FDC-4ECE-A923-E1E814B6D927}"
EndProject
Project("{8BC9CEB8-8B4A-11D0-8D11-00A0C91BC942}") = "图的邻接表表示法(改)", "图的邻接表表示法(改)\图的邻接表表示法(改).vcxproj", "{799F3B46-74C0-43A0-A8C3-E4E35E75F8EE}"
EndProject
Project("{8BC9CEB8-8B4A-11D0-8D11-00A0C91BC942}") = "Prim算法", "Prim算法\Prim算法.vcxproj", "{AF086A9B-20E4-4F39-9A4C-855CBB274C97}"
EndProject
Project("{8BC9CEB8-8B4A-11D0-8D11-00A0C91BC942}") = "Dijkstra算法", "Dijkstra算法\Dijkstra算法.vcxproj", "{48531338-8BC5-414D-88E3-670848418E7F}"
EndProject
Global
	GlobalSection(SolutionConfigurationPlatforms) = preSolution
		Debug|x64 = Debug|x64
		Debug|x86 = Debug|x86
		Release|x64 = Release|x64
		Release|x86 = Release|x86
	EndGlobalSection
	GlobalSection(ProjectConfigurationPlatforms) = postSolution
		{D252AAA4-DA54-40D5-835F-ADC46E8EBC05}.Debug|x64.ActiveCfg = Debug|x64
		{D252AAA4-DA54-40D5-835F-ADC46E8EBC05}.Debug|x64.Build.0 = Debug|x64
		{D252AAA4-DA54-40D5-835F-ADC46E8EBC05}.Debug|x86.ActiveCfg = Debug|Win32
		{D252AAA4-DA54-40D5-835F-ADC46E8EBC05}.Debug|x86.Build.0 = Debug|Win32
		{D252AAA4-DA54-40D5-835F-ADC46E8EBC05}.Release|x64.ActiveCfg = Release|x64
		{D252AAA4-DA54-40D5-835F-ADC46E8EBC05}.Release|x64.Build.0 = Release|x64
		{D252AAA4-DA54-40D5-835F-ADC46E8EBC05}.Release|x86.ActiveCfg = Release|Win32
		{D252AAA4-DA54-40D5-835F-ADC46E8EBC05}.Release|x86.Build.0 = Release|Win32
		{84D806CD-0FDC-4ECE-A923-E1E814B6D927}.Debug|x64.ActiveCfg = Debug|x64
		{84D806CD-0FDC-4ECE-A923-E1E814B6D927}.Debug|x64.Build.0 = Debug|x64
		{84D806CD-0FDC-4ECE-A923-E1E814B6D927}.Debug|x86.ActiveCfg = Debug|Win32
		{84D806CD-0FDC-4ECE-A923-E1E814B6D927}.Debug|x86.Build.0 = Debug|Win32
		{84D806CD-0FDC-4ECE-A923-E1E814B6D927}.Release|x64.ActiveCfg = Release|x64
		{84D806CD-0FDC-4ECE-A923-E1E814B6D927}.Release|x64.Build.0 = Release|x64
		{84D806CD-0FDC-4ECE-A923-E1E814B6D927}.Release|x86.ActiveCfg = Release|Win32
		{84D806CD-0FDC-4ECE-A923-E1E814B6D927}.Release|x86.Build.0 = Release|Win32
		{799F3B46-74C0-43A0-A8C3-E4E35E75F8EE}.Debug|x64.ActiveCfg = Debug|x64
		{799F3B46-74C0-43A0-A8C3-E4E35E75F8EE}.Debug|x64.Build.0 = Debug|x64
		{799F3B46-74C0-43A0-A8C3-E4E35E75F8EE}.Debug|x86.ActiveCfg = Debug|Win32
		{799F3B46-74C0-43A0-A8C3-E4E35E75F8EE}.Debug|x86.Build.0 = Debug|Win32
		{799F3B46-74C0-43A0-A8C3-E4E35E75F8EE}.Release|x64.ActiveCfg = Release|x64
		{799F3B46-74C0-43A0-A8C3-E4E35E75F8EE}.Release|x64.Build.0 = Release|x64
		{799F3B46-74C0-43A0-A8C3-E4E35E75F8EE}.Release|x86.ActiveCfg = Release|Win32
		{799F3B46-74C0-43A0-A8C3-E4E35E75F8EE}.Release|x86.Build.0 = Release|Win32
		{AF086A9B-20E4-4F39-9A4C-855CBB274C97}.Debug|x64.ActiveCfg = Debug|x64
		{AF086A9B-20E4-4F39-9A4C-855CBB274C97}.Debug|x64.Build.0 = Debug|x64
		{AF086A9B-20E4-4F39-9A4C-855CBB274C97}.Debug|x86.ActiveCfg = Debug|Win32
		{AF086A9B-20E4-4F39-9A4C-855CBB274C97}.Debug|x86.Build.0 = Debug|Win32
		{AF086A9B-20E4-4F39-9A4C-855CBB274C97}.Release|x64.ActiveCfg = Release|x64
		{AF086A9B-20E4-4F39-9A4C-855CBB274C97}.Release|x64.Build.0 = Release|x64
		{AF086A9B-20E4-4F39-9A4C-855CBB274C97}.Release|x86.ActiveCfg = Release|Win32
		{AF086A9B-20E4-4F39-9A4C-855CBB274C97}.Release|x86.Build.0 = Release|Win32
		{48531338-8BC5-414D-88E3-670848418E7F}.Debug|x64.ActiveCfg = Debug|x64
		{48531338-8BC5-414D-88E3-670848418E7F}.Debug|x64.Build.0 = Debug|x64
		{48531338-8BC5-414D-88E3-670848418E7F}.Debug|x86.ActiveCfg = Debug|Win32
		{48531338-8BC5-414D-88E3-670848418E7F}.Debug|x86.Build.0 = Debug|Win32
		{48531338-8BC5-414D-88E3-670848418E7F}.Release|x64.ActiveCfg = Release|x64
		{48531338-8BC5-414D-88E3-670848418E7F}.Release|x64.Build.0 = Release|x64
		{48531338-8BC5-414D-88E3-670848418E7F}.Release|x86.ActiveCfg = Release|Win32
		{48531338-8BC5-414D-88E3-670848418E7F}.Release|x86.Build.0 = Release|Win32
	EndGlobalSection
	GlobalSection(SolutionProperties) = preSolution
		HideSolutionNode = FALSE
	EndGlobalSection
EndGlobal
